
Microsoft Visual Studio Solution File, Format Version 12.00
# Visual Studio Version 17
VisualStudioVersion = 17.5.33627.172
MinimumVisualStudioVersion = 10.0.40219.1
Project("{FAE04EC0-301F-11D3-BF4B-00C04F79EFBC}") = "ConsoleApp1", "ConsoleApp1\ConsoleApp1.csproj", "{FD5FAFB1-FADD-4A78-80C4-6C4727F28FDA}"
EndProject
Project("{FAE04EC0-301F-11D3-BF4B-00C04F79EFBC}") = "Sphdhv.KlantPortaal.Access.Deelnemer.Service", "..\..\Sphdhv.KlantPortaal.Access.Deelnemer.Service\Sphdhv.KlantPortaal.Access.Deelnemer.Service.csproj", "{3A51724B-36C3-4670-B482-183887E8ABE3}"
EndProject
Project("{FAE04EC0-301F-11D3-BF4B-00C04F79EFBC}") = "Sphdhv.KlantPortaal.Access.Deelnemer.Proxy", "..\..\Sphdhv.KlantPortaal.Access.Deelnemer.Proxy\Sphdhv.KlantPortaal.Access.Deelnemer.Proxy.csproj", "{96614DFD-EF90-4552-967F-F682EA2FBD7D}"
EndProject
Project("{FAE04EC0-301F-11D3-BF4B-00C04F79EFBC}") = "Sphdhv.KlantPortaal.Access.Deelnemer.Contract", "..\..\Sphdhv.KlantPortaal.Access.Deelnemer.Contract\Sphdhv.KlantPortaal.Access.Deelnemer.Contract.csproj", "{E0EFC39E-CC62-48E5-A7B8-F6EB9FD40E6F}"
EndProject
Project("{FAE04EC0-301F-11D3-BF4B-00C04F79EFBC}") = "Sphdhv.KlantPortaal.Host.WebHost", "..\..\Sphdhv.KlantPortaal.Host.WebHost\Sphdhv.KlantPortaal.Host.WebHost.csproj", "{0190940B-E66A-4698-ABCF-432FB4C3649B}"
EndProject
Global
	GlobalSection(SolutionConfigurationPlatforms) = preSolution
		Accept|Any CPU = Accept|Any CPU
		Debug|Any CPU = Debug|Any CPU
		Production|Any CPU = Production|Any CPU
		Release|Any CPU = Release|Any CPU
	EndGlobalSection
	GlobalSection(ProjectConfigurationPlatforms) = postSolution
		{FD5FAFB1-FADD-4A78-80C4-6C4727F28FDA}.Accept|Any CPU.ActiveCfg = Debug|Any CPU
		{FD5FAFB1-FADD-4A78-80C4-6C4727F28FDA}.Accept|Any CPU.Build.0 = Debug|Any CPU
		{FD5FAFB1-FADD-4A78-80C4-6C4727F28FDA}.Debug|Any CPU.ActiveCfg = Debug|Any CPU
		{FD5FAFB1-FADD-4A78-80C4-6C4727F28FDA}.Debug|Any CPU.Build.0 = Debug|Any CPU
		{FD5FAFB1-FADD-4A78-80C4-6C4727F28FDA}.Production|Any CPU.ActiveCfg = Debug|Any CPU
		{FD5FAFB1-FADD-4A78-80C4-6C4727F28FDA}.Production|Any CPU.Build.0 = Debug|Any CPU
		{FD5FAFB1-FADD-4A78-80C4-6C4727F28FDA}.Release|Any CPU.ActiveCfg = Release|Any CPU
		{FD5FAFB1-FADD-4A78-80C4-6C4727F28FDA}.Release|Any CPU.Build.0 = Release|Any CPU
		{3A51724B-36C3-4670-B482-183887E8ABE3}.Accept|Any CPU.ActiveCfg = Accept|Any CPU
		{3A51724B-36C3-4670-B482-183887E8ABE3}.Accept|Any CPU.Build.0 = Accept|Any CPU
		{3A51724B-36C3-4670-B482-183887E8ABE3}.Debug|Any CPU.ActiveCfg = Debug|Any CPU
		{3A51724B-36C3-4670-B482-183887E8ABE3}.Debug|Any CPU.Build.0 = Debug|Any CPU
		{3A51724B-36C3-4670-B482-183887E8ABE3}.Production|Any CPU.ActiveCfg = Production|Any CPU
		{3A51724B-36C3-4670-B482-183887E8ABE3}.Production|Any CPU.Build.0 = Production|Any CPU
		{3A51724B-36C3-4670-B482-183887E8ABE3}.Release|Any CPU.ActiveCfg = Release|Any CPU
		{3A51724B-36C3-4670-B482-183887E8ABE3}.Release|Any CPU.Build.0 = Release|Any CPU
		{96614DFD-EF90-4552-967F-F682EA2FBD7D}.Accept|Any CPU.ActiveCfg = Accept|Any CPU
		{96614DFD-EF90-4552-967F-F682EA2FBD7D}.Accept|Any CPU.Build.0 = Accept|Any CPU
		{96614DFD-EF90-4552-967F-F682EA2FBD7D}.Debug|Any CPU.ActiveCfg = Debug|Any CPU
		{96614DFD-EF90-4552-967F-F682EA2FBD7D}.Debug|Any CPU.Build.0 = Debug|Any CPU
		{96614DFD-EF90-4552-967F-F682EA2FBD7D}.Production|Any CPU.ActiveCfg = Production|Any CPU
		{96614DFD-EF90-4552-967F-F682EA2FBD7D}.Production|Any CPU.Build.0 = Production|Any CPU
		{96614DFD-EF90-4552-967F-F682EA2FBD7D}.Release|Any CPU.ActiveCfg = Release|Any CPU
		{96614DFD-EF90-4552-967F-F682EA2FBD7D}.Release|Any CPU.Build.0 = Release|Any CPU
		{E0EFC39E-CC62-48E5-A7B8-F6EB9FD40E6F}.Accept|Any CPU.ActiveCfg = Accept|Any CPU
		{E0EFC39E-CC62-48E5-A7B8-F6EB9FD40E6F}.Accept|Any CPU.Build.0 = Accept|Any CPU
		{E0EFC39E-CC62-48E5-A7B8-F6EB9FD40E6F}.Debug|Any CPU.ActiveCfg = Debug|Any CPU
		{E0EFC39E-CC62-48E5-A7B8-F6EB9FD40E6F}.Debug|Any CPU.Build.0 = Debug|Any CPU
		{E0EFC39E-CC62-48E5-A7B8-F6EB9FD40E6F}.Production|Any CPU.ActiveCfg = Production|Any CPU
		{E0EFC39E-CC62-48E5-A7B8-F6EB9FD40E6F}.Production|Any CPU.Build.0 = Production|Any CPU
		{E0EFC39E-CC62-48E5-A7B8-F6EB9FD40E6F}.Release|Any CPU.ActiveCfg = Release|Any CPU
		{E0EFC39E-CC62-48E5-A7B8-F6EB9FD40E6F}.Release|Any CPU.Build.0 = Release|Any CPU
		{0190940B-E66A-4698-ABCF-432FB4C3649B}.Accept|Any CPU.ActiveCfg = Accept|Any CPU
		{0190940B-E66A-4698-ABCF-432FB4C3649B}.Accept|Any CPU.Build.0 = Accept|Any CPU
		{0190940B-E66A-4698-ABCF-432FB4C3649B}.Debug|Any CPU.ActiveCfg = Debug|Any CPU
		{0190940B-E66A-4698-ABCF-432FB4C3649B}.Debug|Any CPU.Build.0 = Debug|Any CPU
		{0190940B-E66A-4698-ABCF-432FB4C3649B}.Production|Any CPU.ActiveCfg = Production|Any CPU
		{0190940B-E66A-4698-ABCF-432FB4C3649B}.Production|Any CPU.Build.0 = Production|Any CPU
		{0190940B-E66A-4698-ABCF-432FB4C3649B}.Release|Any CPU.ActiveCfg = Release|Any CPU
		{0190940B-E66A-4698-ABCF-432FB4C3649B}.Release|Any CPU.Build.0 = Release|Any CPU
	EndGlobalSection
	GlobalSection(SolutionProperties) = preSolution
		HideSolutionNode = FALSE
	EndGlobalSection
	GlobalSection(ExtensibilityGlobals) = postSolution
		SolutionGuid = {18CE4B30-CA66-4C9D-8E3C-B0586342FB1E}
	EndGlobalSection
EndGlobal
