
Microsoft Visual Studio Solution File, Format Version 12.00
# Visual Studio Version 17
VisualStudioVersion = 17.4.33122.133
MinimumVisualStudioVersion = 10.0.40219.1
Project("{FAE04EC0-301F-11D3-BF4B-00C04F79EFBC}") = "Sphdhv.KlantPortaal.Host.WebHost", "Source\Sphdhv.KlantPortaal.Host.WebHost\Sphdhv.KlantPortaal.Host.WebHost.csproj", "{0190940B-E66A-4698-ABCF-432FB4C3649B}"
EndProject
Project("{FAE04EC0-301F-11D3-BF4B-00C04F79EFBC}") = "Icatt.Auditing.Access.AuditTrail.Contract", "Source\Icatt.Auditing.Access.AuditTrail.Contract\Icatt.Auditing.Access.AuditTrail.Contract.csproj", "{7B0D091D-CC62-415F-9560-41F6D15F6960}"
EndProject
Project("{FAE04EC0-301F-11D3-BF4B-00C04F79EFBC}") = "Icatt.Auditing.Access.AuditTrail.Proxy", "Source\Icatt.Auditing.Access.AuditTrail.Proxy\Icatt.Auditing.Access.AuditTrail.Proxy.csproj", "{12C4D5ED-845F-4477-A2B0-5051B5534B20}"
EndProject
Project("{FAE04EC0-301F-11D3-BF4B-00C04F79EFBC}") = "Icatt.Auditing.Access.AuditTrail.Service", "Source\Icatt.Auditing.Access.AuditTrail.Service\Icatt.Auditing.Access.AuditTrail.Service.csproj", "{4E810853-236B-460C-BBAB-9656B13FE0EB}"
EndProject
Project("{FAE04EC0-301F-11D3-BF4B-00C04F79EFBC}") = "Icatt.Auditing.Manager.AuditTrailWriter.Proxy", "Source\Icatt.Auditing.Manager.AuditTrailWriter.Proxy\Icatt.Auditing.Manager.AuditTrailWriter.Proxy.csproj", "{754612CF-E668-4A60-86E8-A30F1AB78EA4}"
EndProject
Project("{FAE04EC0-301F-11D3-BF4B-00C04F79EFBC}") = "Icatt.Auditing.Manager.AuditTrailWriter.Service", "Source\Icatt.Auditing.Manager.AuditTrailWriter.Service\Icatt.Auditing.Manager.AuditTrailWriter.Service.csproj", "{9A37DAAF-22E8-4AB5-8C3E-9687B802415F}"
EndProject
Project("{FAE04EC0-301F-11D3-BF4B-00C04F79EFBC}") = "Icatt.Auditing.Manager.AuditTrailWriter.Contract", "Source\Icatt.Auditing.Manager.AuditWriter.Contract\Icatt.Auditing.Manager.AuditTrailWriter.Contract.csproj", "{8C86A0A1-CD9A-4E83-928E-EEB338A3AFA9}"
EndProject
Project("{2150E333-8FDC-42A3-9474-1A3956D46DE8}") = "Icatt.Auditing", "Icatt.Auditing", "{8DF61B02-7A5F-43FA-80BB-A7B292F0A45E}"
EndProject
Project("{2150E333-8FDC-42A3-9474-1A3956D46DE8}") = "Icatt.Digid", "Icatt.Digid", "{54F1A1A6-0FE6-4504-AA0D-23F0BAE19964}"
EndProject
Project("{FAE04EC0-301F-11D3-BF4B-00C04F79EFBC}") = "Icatt.Digid.Access.Client", "Source\Icatt.Digid.Access.Client\Icatt.Digid.Access.Client.csproj", "{81E5B857-640F-4609-BCBF-8C03702180B6}"
EndProject
Project("{FAE04EC0-301F-11D3-BF4B-00C04F79EFBC}") = "Icatt.Digid.Access.Contract", "Source\Icatt.Digid.Access.Contract\Icatt.Digid.Access.Contract.csproj", "{BD1B1F78-E960-474C-A15B-8BA4EA821680}"
EndProject
Project("{FAE04EC0-301F-11D3-BF4B-00C04F79EFBC}") = "Icatt.Digid.Access.Proxy", "Source\Icatt.Digid.Access.Proxy\Icatt.Digid.Access.Proxy.csproj", "{AD1369EA-3281-47FC-A746-B3EAEE4C1A2B}"
EndProject
Project("{2150E333-8FDC-42A3-9474-1A3956D46DE8}") = "Icatt.Membership", "Icatt.Membership", "{D7BF5C11-F319-4A4B-A108-3D502238E2FB}"
EndProject
Project("{FAE04EC0-301F-11D3-BF4B-00C04F79EFBC}") = "Icatt.Membership.Access.User.Contract", "Source\Icatt.Membership.Access.User.Contract\Icatt.Membership.Access.User.Contract.csproj", "{904E5F70-FFA5-4030-8F23-D27E977C17E5}"
EndProject
Project("{FAE04EC0-301F-11D3-BF4B-00C04F79EFBC}") = "Icatt.Membership.Access.User.Proxy", "Source\Icatt.Membership.Access.User.Proxy\Icatt.Membership.Access.User.Proxy.csproj", "{C96CA5CB-C805-4061-BE2C-246209F738EE}"
EndProject
Project("{FAE04EC0-301F-11D3-BF4B-00C04F79EFBC}") = "Icatt.Membership.Access.User.Service", "Source\Icatt.Membership.Access.User.Service\Icatt.Membership.Access.User.Service.csproj", "{E7AC9602-7ADE-41C3-B0E9-C00376C6B2E7}"
EndProject
Project("{2150E333-8FDC-42A3-9474-1A3956D46DE8}") = "Sphdhv", "Sphdhv", "{EFFF7454-DF61-407A-9106-C031564BC9A1}"
EndProject
Project("{FAE04EC0-301F-11D3-BF4B-00C04F79EFBC}") = "Sphdhv.DeelnemerPortalApi.Client", "Source\Sphdhv.DeelnemerPortalAli.Client\Sphdhv.DeelnemerPortalApi.Client.csproj", "{FDB6B6B3-53CF-457A-ADD5-CD0504C6E298}"
EndProject
Project("{FAE04EC0-301F-11D3-BF4B-00C04F79EFBC}") = "Sphdhv.DeelnemerPortalApi.Contract", "Source\Sphdhv.DeelnemerPortalApi.Contract\Sphdhv.DeelnemerPortalApi.Contract.csproj", "{9D61E4D5-808A-486A-958F-B6D53E3A9771}"
EndProject
Project("{FAE04EC0-301F-11D3-BF4B-00C04F79EFBC}") = "Sphdhv.DeelnemerPortalApi.Proxy", "Source\Sphdhv.DeelnemerPortalApi.Proxy\Sphdhv.DeelnemerPortalApi.Proxy.csproj", "{3E1B00B3-411C-4538-85D8-86128B05F8CB}"
EndProject
Project("{FAE04EC0-301F-11D3-BF4B-00C04F79EFBC}") = "Sphdhv.DeelnemerPortalApi.ProxyStub", "Source\Sphdhv.DeelnemerPortalApi.ProxyStub\Sphdhv.DeelnemerPortalApi.ProxyStub.csproj", "{0ED7DC0A-59EA-49D5-A83E-1723A9DC24B0}"
EndProject
Project("{FAE04EC0-301F-11D3-BF4B-00C04F79EFBC}") = "Sphdhv.KlantPortaal.Access.AuthToken.Contract", "Source\Spdhv.KlantPortaal.Access.AuthToken.Contract\Sphdhv.KlantPortaal.Access.AuthToken.Contract.csproj", "{4887730F-B311-4D63-826E-95D0E3ED0A89}"
EndProject
Project("{FAE04EC0-301F-11D3-BF4B-00C04F79EFBC}") = "Sphdhv.KlantPortaal.Access.AuthToken.Proxy", "Source\Spdhv.KlantPortaal.Access.AuthToken.Proxy\Sphdhv.KlantPortaal.Access.AuthToken.Proxy.csproj", "{CFDA862B-B98B-4058-B5F4-C60E42B44ADE}"
EndProject
Project("{FAE04EC0-301F-11D3-BF4B-00C04F79EFBC}") = "Sphdhv.KlantPortaal.Access.AuthToken.Service", "Source\Spdhv.KlantPortaal.Access.AuthToken.Service\Sphdhv.KlantPortaal.Access.AuthToken.Service.csproj", "{E2AA6A02-E0F9-4494-BC04-610103AFE5BE}"
EndProject
Project("{FAE04EC0-301F-11D3-BF4B-00C04F79EFBC}") = "Sphdhv.KlantPortaal.Access.Deelnemer.Contract", "Source\Sphdhv.KlantPortaal.Access.Deelnemer.Contract\Sphdhv.KlantPortaal.Access.Deelnemer.Contract.csproj", "{E0EFC39E-CC62-48E5-A7B8-F6EB9FD40E6F}"
EndProject
Project("{FAE04EC0-301F-11D3-BF4B-00C04F79EFBC}") = "Sphdhv.KlantPortaal.Access.Correspondentie.Proxy", "Source\Sphdhv.KlantPortaal.Access.Correspondentie.Proxy\Sphdhv.KlantPortaal.Access.Correspondentie.Proxy.csproj", "{DC662CEF-16E1-4FCC-9857-4FD38DF9539A}"
EndProject
Project("{FAE04EC0-301F-11D3-BF4B-00C04F79EFBC}") = "Sphdhv.KlantPortaal.Access.Correspondentie.Service", "Source\Sphdhv.KlantPortaal.Access.Correspondentie.Service\Sphdhv.KlantPortaal.Access.Correspondentie.Service.csproj", "{CA9157A6-3DE8-4846-B0F5-DA7F5425A1D9}"
EndProject
Project("{FAE04EC0-301F-11D3-BF4B-00C04F79EFBC}") = "Sphdhv.KlantPortaal.Access.Deelnemer.Proxy", "Source\Sphdhv.KlantPortaal.Access.Deelnemer.Proxy\Sphdhv.KlantPortaal.Access.Deelnemer.Proxy.csproj", "{96614DFD-EF90-4552-967F-F682EA2FBD7D}"
EndProject
Project("{FAE04EC0-301F-11D3-BF4B-00C04F79EFBC}") = "Sphdhv.KlantPortaal.Access.Deelnemer.Service", "Source\Sphdhv.KlantPortaal.Access.Deelnemer.Service\Sphdhv.KlantPortaal.Access.Deelnemer.Service.csproj", "{3A51724B-36C3-4670-B482-183887E8ABE3}"
EndProject
Project("{FAE04EC0-301F-11D3-BF4B-00C04F79EFBC}") = "Sphdhv.KlantPortaal.Access.Pensioen.Contract", "Source\Sphdhv.KlantPortaal.Access.Pensioen.Contract\Sphdhv.KlantPortaal.Access.Pensioen.Contract.csproj", "{4BC516DD-8163-4068-8612-8C9DBC77E0AC}"
EndProject
Project("{FAE04EC0-301F-11D3-BF4B-00C04F79EFBC}") = "Sphdhv.KlantPortaal.Access.Pensioen.Proxy", "Source\Sphdhv.KlantPortaal.Access.Pensioen.Proxy\Sphdhv.KlantPortaal.Access.Pensioen.Proxy.csproj", "{378EA1F6-3952-48E2-A648-ACFA4F77C9E5}"
EndProject
Project("{FAE04EC0-301F-11D3-BF4B-00C04F79EFBC}") = "Sphdhv.KlantPortaal.Access.Pensioen.Service", "Source\Sphdhv.KlantPortaal.Access.Pensioen.Service\Sphdhv.KlantPortaal.Access.Pensioen.Service.csproj", "{34E77A39-8AC4-4FD7-831D-1B7EE9394425}"
EndProject
Project("{FAE04EC0-301F-11D3-BF4B-00C04F79EFBC}") = "Sphdhv.KlantPortaal.Access.TerminatedSession.Contract", "Source\Sphdhv.KlantPortaal.Access.TerminatedSession.Contract\Sphdhv.KlantPortaal.Access.TerminatedSession.Contract.csproj", "{62E9BF32-75A5-4624-BDF6-BC9D8E24A96D}"
EndProject
Project("{FAE04EC0-301F-11D3-BF4B-00C04F79EFBC}") = "Sphdhv.KlantPortaal.Access.TerminatedSession.Proxy", "Source\Sphdhv.KlantPortaal.Access.TerminatedSession.Proxy\Sphdhv.KlantPortaal.Access.TerminatedSession.Proxy.csproj", "{6C119DCC-646E-4E91-B8B3-078500FE6B38}"
EndProject
Project("{FAE04EC0-301F-11D3-BF4B-00C04F79EFBC}") = "Sphdhv.KlantPortaal.Access.TerminatedSession.Service", "Source\Sphdhv.KlantPortaal.Access.TerminatedSession.Service\Sphdhv.KlantPortaal.Access.TerminatedSession.Service.csproj", "{A1AD976B-57FE-43AB-A10F-E6DF3914B594}"
EndProject
Project("{FAE04EC0-301F-11D3-BF4B-00C04F79EFBC}") = "Sphdhv.KlantPortaal.Common", "Source\Sphdhv.KlantPortaal.Common\Sphdhv.KlantPortaal.Common.csproj", "{3D4888B2-356F-45BB-A314-01851818C170}"
EndProject
Project("{FAE04EC0-301F-11D3-BF4B-00C04F79EFBC}") = "Sphdhv.KlantPortaal.Engine.Claims.Contract", "Source\Sphdhv.Klantportaal.Engine.Claims.Contract\Sphdhv.KlantPortaal.Engine.Claims.Contract.csproj", "{69187D81-14ED-49DF-AAB4-90C9AA417659}"
EndProject
Project("{FAE04EC0-301F-11D3-BF4B-00C04F79EFBC}") = "Sphdhv.KlantPortaal.Engine.Claims.Proxy", "Source\Sphdhv.Klantportaal.Engine.Claims.Proxy\Sphdhv.KlantPortaal.Engine.Claims.Proxy.csproj", "{9BBEA49F-CC46-4C50-8215-7DC7DE28BD66}"
EndProject
Project("{FAE04EC0-301F-11D3-BF4B-00C04F79EFBC}") = "Sphdhv.KlantPortaal.Engine.Claims.Service", "Source\Sphdhv.Klanportaal.Engine.Claims.Service\Sphdhv.KlantPortaal.Engine.Claims.Service.csproj", "{6B8BD1AE-3081-4BF3-89CA-63C15259EDB9}"
EndProject
Project("{FAE04EC0-301F-11D3-BF4B-00C04F79EFBC}") = "Sphdhv.KlantPortaal.Engine.Notification.Contract", "Source\Sphdhv.KlantPortaal.Engine.Notification.Contract\Sphdhv.KlantPortaal.Engine.Notification.Contract.csproj", "{439D90B5-F5A5-4E68-BC23-6307ED539F48}"
EndProject
Project("{FAE04EC0-301F-11D3-BF4B-00C04F79EFBC}") = "Sphdhv.KlantPortaal.Engine.Notification.Proxy", "Source\Sphdhv.KlantPortaal.Engine.Notification.Proxy\Sphdhv.KlantPortaal.Engine.Notification.Proxy.csproj", "{A95BC58E-E3A6-47CA-90D7-F200F6671958}"
EndProject
Project("{FAE04EC0-301F-11D3-BF4B-00C04F79EFBC}") = "Sphdhv.KlantPortaal.Engine.Notification.Service", "Source\Sphdhv.KlantPortaal.Engine.Notification.Service\Sphdhv.KlantPortaal.Engine.Notification.Service.csproj", "{F14AA085-4093-46E7-ABCC-4627F441177F}"
EndProject
Project("{FAE04EC0-301F-11D3-BF4B-00C04F79EFBC}") = "Sphdhv.KlantPortaal.Engine.Pensioen.Contract", "Source\Sphdhv.KlantPortaal.Engine.Pensioen.Contract\Sphdhv.KlantPortaal.Engine.Pensioen.Contract.csproj", "{CD730ECC-29D1-4A12-B83F-6F0E933F5D5F}"
EndProject
Project("{FAE04EC0-301F-11D3-BF4B-00C04F79EFBC}") = "Sphdhv.KlantPortaal.Engine.Pensioen.Proxy", "Source\Sphdhv.KlantPortaal.Engine.Pensioen.Proxy\Sphdhv.KlantPortaal.Engine.Pensioen.Proxy.csproj", "{3815636A-45E4-40A7-B466-6D0F655D0254}"
EndProject
Project("{FAE04EC0-301F-11D3-BF4B-00C04F79EFBC}") = "Sphdhv.KlantPortaal.Engine.Pensioen.Service", "Source\Sphdhv.KlantPortaal.Engine.Pensioen.Service\Sphdhv.KlantPortaal.Engine.Pensioen.Service.csproj", "{8A3B353A-8FE6-4DDE-B738-E397DF128B5D}"
EndProject
Project("{FAE04EC0-301F-11D3-BF4B-00C04F79EFBC}") = "Sphdhv.KlantPortaal.Manager.AspNetIdentity.Service", "Source\Icatt.Identity.Manager.AspNetIdentity.Service\Sphdhv.KlantPortaal.Manager.AspNetIdentity.Service.csproj", "{B557587C-DEB5-45EE-B14A-886DBE185D16}"
EndProject
Project("{FAE04EC0-301F-11D3-BF4B-00C04F79EFBC}") = "Sphdhv.KlantPortaal.Manager.AspNetIdentity.Proxy", "Source\Icatt.Identity.Manager.AspNetIdentity.Proxy\Sphdhv.KlantPortaal.Manager.AspNetIdentity.Proxy.csproj", "{BDACF3DC-ECB0-4A8B-A0C9-22152E58C4B3}"
EndProject
Project("{FAE04EC0-301F-11D3-BF4B-00C04F79EFBC}") = "Sphdhv.KlantPortaal.Manager.AspNetIdentity.Contract", "Source\Icatt.Identity.Manager.AspNetIdentity.Contract\Sphdhv.KlantPortaal.Manager.AspNetIdentity.Contract.csproj", "{6B21BC98-5137-4EFB-9623-158100C89288}"
EndProject
Project("{FAE04EC0-301F-11D3-BF4B-00C04F79EFBC}") = "Sphdhv.KlantPortaal.Manager.Authentication.Service", "Source\Sphdhv.KlantPortaal.Manager.Authentication.Service\Sphdhv.KlantPortaal.Manager.Authentication.Service.csproj", "{A4611B04-0575-439B-9753-7572271EDF77}"
EndProject
Project("{FAE04EC0-301F-11D3-BF4B-00C04F79EFBC}") = "Sphdhv.KlantPortaal.Manager.Authentication.Proxy", "Source\Sphdhv.KlantPortaal.Manager.Authentication.Proxy\Sphdhv.KlantPortaal.Manager.Authentication.Proxy.csproj", "{FA775BC1-48C9-435F-8549-076A58ABFE89}"
EndProject
Project("{FAE04EC0-301F-11D3-BF4B-00C04F79EFBC}") = "Sphdhv.KlantPortaal.Manager.Authentication.Contract", "Source\Sphdhv.Klantportaal.Manager.Authentication.Contract\Sphdhv.KlantPortaal.Manager.Authentication.Contract.csproj", "{6E75701B-A44D-48F2-972D-096D32705D15}"
EndProject
Project("{FAE04EC0-301F-11D3-BF4B-00C04F79EFBC}") = "Sphdhv.Klantportaal.Manager.Deelnemer.Contract", "Source\Sphdhv.Klantportaal.Manager.DeelnemerAdmin.Contract\Sphdhv.Klantportaal.Manager.Deelnemer.Contract.csproj", "{968B6690-9F05-44F9-883E-5A904F27618F}"
EndProject
Project("{FAE04EC0-301F-11D3-BF4B-00C04F79EFBC}") = "Sphdhv.Klantportaal.Manager.Deelnemer.Service", "Source\Sphdhv.Klantportaal.Manager.Deelnemer.Service\Sphdhv.Klantportaal.Manager.Deelnemer.Service.csproj", "{E2AA3708-C185-43AC-B16E-3DD07BB6D94A}"
EndProject
Project("{FAE04EC0-301F-11D3-BF4B-00C04F79EFBC}") = "Sphdhv.Klantportaal.Manager.Deelnemer.Proxy", "Source\Sphdhv.Klantportaal.Manager.Deelnemer.Proxy\Sphdhv.Klantportaal.Manager.Deelnemer.Proxy.csproj", "{434A254B-3AC6-41B0-8ABA-23290EB2F343}"
EndProject
Project("{FAE04EC0-301F-11D3-BF4B-00C04F79EFBC}") = "Sphdhv.KlantPortaal.Manager.MijnPensioen.Service", "Source\Sphdhv.KlantPortaal.Manager.MijnPensioen.Service\Sphdhv.KlantPortaal.Manager.MijnPensioen.Service.csproj", "{21315BE3-A5B4-458A-89B7-288EB470D70E}"
EndProject
Project("{FAE04EC0-301F-11D3-BF4B-00C04F79EFBC}") = "Sphdhv.KlantPortaal.Manager.MijnPensioen.Proxy", "Source\Sphdhv.KlantPortaal.Manager.MijnPensioen.Proxy\Sphdhv.KlantPortaal.Manager.MijnPensioen.Proxy.csproj", "{A50ED017-669F-4FD3-91CD-51AD9F11DD8C}"
EndProject
Project("{FAE04EC0-301F-11D3-BF4B-00C04F79EFBC}") = "Sphdhv.KlantPortaal.Manager.MijnPensioen.Contract", "Source\Sphdhv.KlantPortaal.Manager.MijnPensioen.Contract\Sphdhv.KlantPortaal.Manager.MijnPensioen.Contract.csproj", "{46D4204E-5C1F-4E0A-9AC7-FBD9BFA9921A}"
EndProject
Project("{FAE04EC0-301F-11D3-BF4B-00C04F79EFBC}") = "Sphdhv.KlantPortaal.Manager.Session.Service", "Source\Sphdhv.KlantPortaal.Manager.Session.Service\Sphdhv.KlantPortaal.Manager.Session.Service.csproj", "{F61A9911-E756-4CD0-AB88-7682B885E6D9}"
EndProject
Project("{FAE04EC0-301F-11D3-BF4B-00C04F79EFBC}") = "Sphdhv.KlantPortaal.Manager.Session.Proxy", "Source\Sphdhv.KlantPortaal.Manager.Session.Proxy\Sphdhv.KlantPortaal.Manager.Session.Proxy.csproj", "{08F46C35-8562-47C4-BC59-E04A1EB4A76C}"
EndProject
Project("{FAE04EC0-301F-11D3-BF4B-00C04F79EFBC}") = "Sphdhv.KlantPortaal.Manager.Session.Contract", "Source\Sphdhv.KlantPortaal.Manager.Session.Contract\Sphdhv.KlantPortaal.Manager.Session.Contract.csproj", "{0EA93221-3F1A-4256-87B3-52E3A95F9B0B}"
EndProject
Project("{FAE04EC0-301F-11D3-BF4B-00C04F79EFBC}") = "Sphdhv.Security.Manager.Authentication.Service", "Source\Sphdhv.Security.Manager.Authentication.Service\Sphdhv.Security.Manager.Authentication.Service.csproj", "{018F18E9-CE2C-4E7D-BF73-21988CDA8F80}"
EndProject
Project("{FAE04EC0-301F-11D3-BF4B-00C04F79EFBC}") = "Sphdhv.Security.Manager.Authentication.Proxy", "Source\Sphdhv.Security.Manager.Authentication.Proxy\Sphdhv.Security.Manager.Authentication.Proxy.csproj", "{27FE0578-C96A-4AAF-BC2D-ADA5A998F556}"
EndProject
Project("{FAE04EC0-301F-11D3-BF4B-00C04F79EFBC}") = "Sphdhv.Security.Manager.Authentication.Contract", "Source\Sphdhv.Security.Manager.Authentication.Contract\Sphdhv.Security.Manager.Authentication.Contract.csproj", "{B0A9D3FD-CF99-4551-9BC6-15E447670EFD}"
EndProject
Project("{FAE04EC0-301F-11D3-BF4B-00C04F79EFBC}") = "Icatt.Security.Saml2", "Source\Sphdhv.Saml\Icatt.Security.Saml2.csproj", "{B4DF0C79-0C3D-42D1-8775-92A9ADF34E06}"
EndProject
Project("{FAE04EC0-301F-11D3-BF4B-00C04F79EFBC}") = "Sphdhv.KlantPortaal.Access.Correspondentie.Contract", "Source\Sphdhv.KlantPortaal.Access.Correspondentie.Contract\Sphdhv.KlantPortaal.Access.Correspondentie.Contract.csproj", "{43D0F344-72D7-4F97-8763-04039E7FDBC1}"
EndProject
Project("{2150E333-8FDC-42A3-9474-1A3956D46DE8}") = "Test", "Test", "{1AF831A0-8A9D-4D86-A5C1-A19FFB4B0FB7}"
EndProject
Project("{FAE04EC0-301F-11D3-BF4B-00C04F79EFBC}") = "Icatt.Auditing.Access.AuditTrail.ServiceTest", "Test\Icatt.Auditing.Access.AuditTrail.ServiceTest\Icatt.Auditing.Access.AuditTrail.ServiceTest.csproj", "{D59FACE2-7913-4DD8-86D1-DBB05DC83BF9}"
EndProject
Project("{FAE04EC0-301F-11D3-BF4B-00C04F79EFBC}") = "Icatt.Membership.Access.User.ServiceTest", "Test\Icatt.Membership.Access.User.ServiceTest\Icatt.Membership.Access.User.ServiceTest.csproj", "{37F81235-C234-4783-8D44-48E64AEE2A4D}"
EndProject
Project("{FAE04EC0-301F-11D3-BF4B-00C04F79EFBC}") = "Sphdhv.TIJDELIJK_DEZE_NIET_UITVOEREN_OP_BUILDSERVER.DeelnemerPortalApi.Proxy", "Test\Spdhv.DeelnemerPortalApi.Test\Sphdhv.TIJDELIJK_DEZE_NIET_UITVOEREN_OP_BUILDSERVER.DeelnemerPortalApi.Proxy.csproj", "{BCF6AB03-F367-4CB6-B191-6526CF9817E2}"
EndProject
Project("{FAE04EC0-301F-11D3-BF4B-00C04F79EFBC}") = "Sphdhv.Test.KlantPortaal.Access", "Test\Spdhv.Klantportaal.Access.Pensioen.Service.Test\Sphdhv.Test.KlantPortaal.Access.csproj", "{22561A23-1585-4A64-B9D2-B53EABDAB5EF}"
EndProject
Project("{FAE04EC0-301F-11D3-BF4B-00C04F79EFBC}") = "Sphdhv.Test.KlantPortaal.Host", "Test\Spdhv.KlantPortaal.TestHost\Sphdhv.Test.KlantPortaal.Host.csproj", "{B55C4EB3-6455-4C8F-BA2D-054BA3DF2C18}"
EndProject
Project("{FAE04EC0-301F-11D3-BF4B-00C04F79EFBC}") = "Sphdhv.KlantPortaal.Access.Deelnemer.ServiceTest", "Test\Sphdhv.KlantPortaal.Access.Deelnemer.ServiceTest\Sphdhv.KlantPortaal.Access.Deelnemer.ServiceTest.csproj", "{8A7E6F8E-A484-4B6E-BB2F-609C09B26204}"
EndProject
Project("{FAE04EC0-301F-11D3-BF4B-00C04F79EFBC}") = "Sphdhv.KlantPortaal.Engine.Pensioen.ServiceStub", "Test\Sphdhv.KlantPortaal.Engine.Pensioen.ServiceStub\Sphdhv.KlantPortaal.Engine.Pensioen.ServiceStub.csproj", "{F290F006-EBB4-4CB5-803C-1D6B5A8FEF03}"
EndProject
Project("{FAE04EC0-301F-11D3-BF4B-00C04F79EFBC}") = "Sphdhv.KlantPortaal.Enging.Claims.ServiceTest", "Test\Sphdhv.Klantportaal.Enging.Claims.ServiceTest\Sphdhv.KlantPortaal.Enging.Claims.ServiceTest.csproj", "{D277BA9C-7EB6-4E98-93A4-29D3036890DF}"
EndProject
Project("{FAE04EC0-301F-11D3-BF4B-00C04F79EFBC}") = "Sphdhv.KlantPortaal.Manager.MijnPensioen.ServiceStub", "Test\Sphdhv.KlantPortaal.Manager.MijnPensioen.ServiceStub\Sphdhv.KlantPortaal.Manager.MijnPensioen.ServiceStub.csproj", "{B16C7598-51B6-4B80-B120-41A73C6A3C23}"
EndProject
Project("{FAE04EC0-301F-11D3-BF4B-00C04F79EFBC}") = "Sphdhv.KlantPortaal.Access.Pensioen.ServiceStub", "Test\Sphdhv.MijnPensioen.Access.Pensioen.ServiceStub\Sphdhv.KlantPortaal.Access.Pensioen.ServiceStub.csproj", "{B8D20EE5-6772-46E0-B863-9D0A33B29516}"
EndProject
Project("{FAE04EC0-301F-11D3-BF4B-00C04F79EFBC}") = "Sphdhv.Test.KlantPortaal.Engine.Notification", "Test\Sphdhv.Test.KlantPortaal.Engine.Notification\Sphdhv.Test.KlantPortaal.Engine.Notification.csproj", "{8CAFE4DF-87CE-4C35-A55F-6134995CB6C7}"
EndProject
Project("{FAE04EC0-301F-11D3-BF4B-00C04F79EFBC}") = "Icatt.Membership.Data.UserStore.DbContext", "Source\Icatt.Membership.Data.UserStore.DbContext\Icatt.Membership.Data.UserStore.DbContext.csproj", "{4919F928-972E-4018-99F0-8AFCE88BD9A1}"
EndProject
Project("{FAE04EC0-301F-11D3-BF4B-00C04F79EFBC}") = "Sphdhv.KlantPortaal.Data.TerminatedSession", "Source\Sphdhv.KlantPortaal.Data.TerminatedSession.Entities\Sphdhv.KlantPortaal.Data.TerminatedSession.csproj", "{5ADC74BE-7553-4F2E-ADEA-E68399D3E32C}"
EndProject
Project("{FAE04EC0-301F-11D3-BF4B-00C04F79EFBC}") = "Sphdhv.Test.KlantPortaal.Manager", "Test\Sphdhv.Test.KlantPortaal.Manager\Sphdhv.Test.KlantPortaal.Manager.csproj", "{60DC49BF-ACB6-41C2-AFCB-F4495D2D24E5}"
EndProject
Project("{FAE04EC0-301F-11D3-BF4B-00C04F79EFBC}") = "Spdhv.Test.Klantportaal.Host.WebHost", "Test\Spdhv.Test.Klantportaal.Host.WebHost\Spdhv.Test.Klantportaal.Host.WebHost.csproj", "{0FEC0E14-EE11-4E4D-AD20-9D75902D2096}"
EndProject
Project("{FAE04EC0-301F-11D3-BF4B-00C04F79EFBC}") = "Sphdhv.KlantPortaal.Data.Deelnemer", "Source\Sphdhv.Klantportaal.Data.Deelnemer\Sphdhv.KlantPortaal.Data.Deelnemer.csproj", "{A727E5C0-FFD0-4A12-A0C6-7ACD2D1B44DA}"
EndProject
Project("{FAE04EC0-301F-11D3-BF4B-00C04F79EFBC}") = "Sphdhv.UserExportTool", "Source\Sphdhv.UserExportTool\Sphdhv.UserExportTool.csproj", "{65E5DC67-E0C1-403D-9E1B-2FDB8E1EC94D}"
EndProject
Project("{FAE04EC0-301F-11D3-BF4B-00C04F79EFBC}") = "Sphdhv.KlantPortaal.Manager.MijnPensioen.ServiceTest", "Test\Sphdhv.KlantPortaal.Manager.MijnPensioen.ServiceTest\Sphdhv.KlantPortaal.Manager.MijnPensioen.ServiceTest.csproj", "{5E53A139-A8D4-42A2-9D79-D474837CF311}"
EndProject
Project("{FAE04EC0-301F-11D3-BF4B-00C04F79EFBC}") = "Sphdhv.KlantPortaal.Engine.Pensioen.ServiceTest", "Test\Sphdhv.KlantPortaal.Engine.Pensioen.ServiceTest\Sphdhv.KlantPortaal.Engine.Pensioen.ServiceTest.csproj", "{7AE3A720-B073-4941-8453-58EF217D8835}"
EndProject
Project("{FAE04EC0-301F-11D3-BF4B-00C04F79EFBC}") = "Sphdhv.KlantPortaal.Manager.Authentication.ServiceTest", "Test\Sphdhv.KlantPortaal.Manager.Authentication.ServiceTest\Sphdhv.KlantPortaal.Manager.Authentication.ServiceTest.csproj", "{541079E6-3C7C-42EA-ABAE-843940A2D3FE}"
EndProject
Project("{2150E333-8FDC-42A3-9474-1A3956D46DE8}") = "Solution Items", "Solution Items", "{701B6321-37B9-4977-A06A-23792619E293}"
	ProjectSection(SolutionItems) = preProject
		.editorconfig = .editorconfig
	EndProjectSection
EndProject
Project("{FAE04EC0-301F-11D3-BF4B-00C04F79EFBC}") = "Sphdhv.ApiTester", "ApiTester\Sphdhv.ApiTester.csproj", "{083530BF-A9F1-487B-A577-FF414D3D2BAD}"
EndProject
Global
	GlobalSection(SolutionConfigurationPlatforms) = preSolution
		Accept|Any CPU = Accept|Any CPU
		Debug|Any CPU = Debug|Any CPU
		Production|Any CPU = Production|Any CPU
		Release|Any CPU = Release|Any CPU
	EndGlobalSection
	GlobalSection(ProjectConfigurationPlatforms) = postSolution
		{0190940B-E66A-4698-ABCF-432FB4C3649B}.Accept|Any CPU.ActiveCfg = Accept|Any CPU
		{0190940B-E66A-4698-ABCF-432FB4C3649B}.Accept|Any CPU.Build.0 = Accept|Any CPU
		{0190940B-E66A-4698-ABCF-432FB4C3649B}.Debug|Any CPU.ActiveCfg = Debug|Any CPU
		{0190940B-E66A-4698-ABCF-432FB4C3649B}.Debug|Any CPU.Build.0 = Debug|Any CPU
		{0190940B-E66A-4698-ABCF-432FB4C3649B}.Production|Any CPU.ActiveCfg = Production|Any CPU
		{0190940B-E66A-4698-ABCF-432FB4C3649B}.Production|Any CPU.Build.0 = Production|Any CPU
		{0190940B-E66A-4698-ABCF-432FB4C3649B}.Release|Any CPU.ActiveCfg = Release|Any CPU
		{0190940B-E66A-4698-ABCF-432FB4C3649B}.Release|Any CPU.Build.0 = Release|Any CPU
		{7B0D091D-CC62-415F-9560-41F6D15F6960}.Accept|Any CPU.ActiveCfg = Accept|Any CPU
		{7B0D091D-CC62-415F-9560-41F6D15F6960}.Accept|Any CPU.Build.0 = Accept|Any CPU
		{7B0D091D-CC62-415F-9560-41F6D15F6960}.Debug|Any CPU.ActiveCfg = Debug|Any CPU
		{7B0D091D-CC62-415F-9560-41F6D15F6960}.Debug|Any CPU.Build.0 = Debug|Any CPU
		{7B0D091D-CC62-415F-9560-41F6D15F6960}.Production|Any CPU.ActiveCfg = Production|Any CPU
		{7B0D091D-CC62-415F-9560-41F6D15F6960}.Production|Any CPU.Build.0 = Production|Any CPU
		{7B0D091D-CC62-415F-9560-41F6D15F6960}.Release|Any CPU.ActiveCfg = Release|Any CPU
		{7B0D091D-CC62-415F-9560-41F6D15F6960}.Release|Any CPU.Build.0 = Release|Any CPU
		{12C4D5ED-845F-4477-A2B0-5051B5534B20}.Accept|Any CPU.ActiveCfg = Accept|Any CPU
		{12C4D5ED-845F-4477-A2B0-5051B5534B20}.Accept|Any CPU.Build.0 = Accept|Any CPU
		{12C4D5ED-845F-4477-A2B0-5051B5534B20}.Debug|Any CPU.ActiveCfg = Debug|Any CPU
		{12C4D5ED-845F-4477-A2B0-5051B5534B20}.Debug|Any CPU.Build.0 = Debug|Any CPU
		{12C4D5ED-845F-4477-A2B0-5051B5534B20}.Production|Any CPU.ActiveCfg = Production|Any CPU
		{12C4D5ED-845F-4477-A2B0-5051B5534B20}.Production|Any CPU.Build.0 = Production|Any CPU
		{12C4D5ED-845F-4477-A2B0-5051B5534B20}.Release|Any CPU.ActiveCfg = Release|Any CPU
		{12C4D5ED-845F-4477-A2B0-5051B5534B20}.Release|Any CPU.Build.0 = Release|Any CPU
		{4E810853-236B-460C-BBAB-9656B13FE0EB}.Accept|Any CPU.ActiveCfg = Accept|Any CPU
		{4E810853-236B-460C-BBAB-9656B13FE0EB}.Accept|Any CPU.Build.0 = Accept|Any CPU
		{4E810853-236B-460C-BBAB-9656B13FE0EB}.Debug|Any CPU.ActiveCfg = Debug|Any CPU
		{4E810853-236B-460C-BBAB-9656B13FE0EB}.Debug|Any CPU.Build.0 = Debug|Any CPU
		{4E810853-236B-460C-BBAB-9656B13FE0EB}.Production|Any CPU.ActiveCfg = Production|Any CPU
		{4E810853-236B-460C-BBAB-9656B13FE0EB}.Production|Any CPU.Build.0 = Production|Any CPU
		{4E810853-236B-460C-BBAB-9656B13FE0EB}.Release|Any CPU.ActiveCfg = Release|Any CPU
		{4E810853-236B-460C-BBAB-9656B13FE0EB}.Release|Any CPU.Build.0 = Release|Any CPU
		{754612CF-E668-4A60-86E8-A30F1AB78EA4}.Accept|Any CPU.ActiveCfg = Accept|Any CPU
		{754612CF-E668-4A60-86E8-A30F1AB78EA4}.Accept|Any CPU.Build.0 = Accept|Any CPU
		{754612CF-E668-4A60-86E8-A30F1AB78EA4}.Debug|Any CPU.ActiveCfg = Debug|Any CPU
		{754612CF-E668-4A60-86E8-A30F1AB78EA4}.Debug|Any CPU.Build.0 = Debug|Any CPU
		{754612CF-E668-4A60-86E8-A30F1AB78EA4}.Production|Any CPU.ActiveCfg = Production|Any CPU
		{754612CF-E668-4A60-86E8-A30F1AB78EA4}.Production|Any CPU.Build.0 = Production|Any CPU
		{754612CF-E668-4A60-86E8-A30F1AB78EA4}.Release|Any CPU.ActiveCfg = Release|Any CPU
		{754612CF-E668-4A60-86E8-A30F1AB78EA4}.Release|Any CPU.Build.0 = Release|Any CPU
		{9A37DAAF-22E8-4AB5-8C3E-9687B802415F}.Accept|Any CPU.ActiveCfg = Accept|Any CPU
		{9A37DAAF-22E8-4AB5-8C3E-9687B802415F}.Accept|Any CPU.Build.0 = Accept|Any CPU
		{9A37DAAF-22E8-4AB5-8C3E-9687B802415F}.Debug|Any CPU.ActiveCfg = Debug|Any CPU
		{9A37DAAF-22E8-4AB5-8C3E-9687B802415F}.Debug|Any CPU.Build.0 = Debug|Any CPU
		{9A37DAAF-22E8-4AB5-8C3E-9687B802415F}.Production|Any CPU.ActiveCfg = Production|Any CPU
		{9A37DAAF-22E8-4AB5-8C3E-9687B802415F}.Production|Any CPU.Build.0 = Production|Any CPU
		{9A37DAAF-22E8-4AB5-8C3E-9687B802415F}.Release|Any CPU.ActiveCfg = Release|Any CPU
		{9A37DAAF-22E8-4AB5-8C3E-9687B802415F}.Release|Any CPU.Build.0 = Release|Any CPU
		{8C86A0A1-CD9A-4E83-928E-EEB338A3AFA9}.Accept|Any CPU.ActiveCfg = Accept|Any CPU
		{8C86A0A1-CD9A-4E83-928E-EEB338A3AFA9}.Accept|Any CPU.Build.0 = Accept|Any CPU
		{8C86A0A1-CD9A-4E83-928E-EEB338A3AFA9}.Debug|Any CPU.ActiveCfg = Debug|Any CPU
		{8C86A0A1-CD9A-4E83-928E-EEB338A3AFA9}.Debug|Any CPU.Build.0 = Debug|Any CPU
		{8C86A0A1-CD9A-4E83-928E-EEB338A3AFA9}.Production|Any CPU.ActiveCfg = Production|Any CPU
		{8C86A0A1-CD9A-4E83-928E-EEB338A3AFA9}.Production|Any CPU.Build.0 = Production|Any CPU
		{8C86A0A1-CD9A-4E83-928E-EEB338A3AFA9}.Release|Any CPU.ActiveCfg = Release|Any CPU
		{8C86A0A1-CD9A-4E83-928E-EEB338A3AFA9}.Release|Any CPU.Build.0 = Release|Any CPU
		{81E5B857-640F-4609-BCBF-8C03702180B6}.Accept|Any CPU.ActiveCfg = Accept|Any CPU
		{81E5B857-640F-4609-BCBF-8C03702180B6}.Accept|Any CPU.Build.0 = Accept|Any CPU
		{81E5B857-640F-4609-BCBF-8C03702180B6}.Debug|Any CPU.ActiveCfg = Debug|Any CPU
		{81E5B857-640F-4609-BCBF-8C03702180B6}.Debug|Any CPU.Build.0 = Debug|Any CPU
		{81E5B857-640F-4609-BCBF-8C03702180B6}.Production|Any CPU.ActiveCfg = Production|Any CPU
		{81E5B857-640F-4609-BCBF-8C03702180B6}.Production|Any CPU.Build.0 = Production|Any CPU
		{81E5B857-640F-4609-BCBF-8C03702180B6}.Release|Any CPU.ActiveCfg = Release|Any CPU
		{81E5B857-640F-4609-BCBF-8C03702180B6}.Release|Any CPU.Build.0 = Release|Any CPU
		{BD1B1F78-E960-474C-A15B-8BA4EA821680}.Accept|Any CPU.ActiveCfg = Accept|Any CPU
		{BD1B1F78-E960-474C-A15B-8BA4EA821680}.Accept|Any CPU.Build.0 = Accept|Any CPU
		{BD1B1F78-E960-474C-A15B-8BA4EA821680}.Debug|Any CPU.ActiveCfg = Debug|Any CPU
		{BD1B1F78-E960-474C-A15B-8BA4EA821680}.Debug|Any CPU.Build.0 = Debug|Any CPU
		{BD1B1F78-E960-474C-A15B-8BA4EA821680}.Production|Any CPU.ActiveCfg = Production|Any CPU
		{BD1B1F78-E960-474C-A15B-8BA4EA821680}.Production|Any CPU.Build.0 = Production|Any CPU
		{BD1B1F78-E960-474C-A15B-8BA4EA821680}.Release|Any CPU.ActiveCfg = Release|Any CPU
		{BD1B1F78-E960-474C-A15B-8BA4EA821680}.Release|Any CPU.Build.0 = Release|Any CPU
		{AD1369EA-3281-47FC-A746-B3EAEE4C1A2B}.Accept|Any CPU.ActiveCfg = Accept|Any CPU
		{AD1369EA-3281-47FC-A746-B3EAEE4C1A2B}.Accept|Any CPU.Build.0 = Accept|Any CPU
		{AD1369EA-3281-47FC-A746-B3EAEE4C1A2B}.Debug|Any CPU.ActiveCfg = Debug|Any CPU
		{AD1369EA-3281-47FC-A746-B3EAEE4C1A2B}.Debug|Any CPU.Build.0 = Debug|Any CPU
		{AD1369EA-3281-47FC-A746-B3EAEE4C1A2B}.Production|Any CPU.ActiveCfg = Production|Any CPU
		{AD1369EA-3281-47FC-A746-B3EAEE4C1A2B}.Production|Any CPU.Build.0 = Production|Any CPU
		{AD1369EA-3281-47FC-A746-B3EAEE4C1A2B}.Release|Any CPU.ActiveCfg = Release|Any CPU
		{AD1369EA-3281-47FC-A746-B3EAEE4C1A2B}.Release|Any CPU.Build.0 = Release|Any CPU
		{904E5F70-FFA5-4030-8F23-D27E977C17E5}.Accept|Any CPU.ActiveCfg = Accept|Any CPU
		{904E5F70-FFA5-4030-8F23-D27E977C17E5}.Accept|Any CPU.Build.0 = Accept|Any CPU
		{904E5F70-FFA5-4030-8F23-D27E977C17E5}.Debug|Any CPU.ActiveCfg = Debug|Any CPU
		{904E5F70-FFA5-4030-8F23-D27E977C17E5}.Debug|Any CPU.Build.0 = Debug|Any CPU
		{904E5F70-FFA5-4030-8F23-D27E977C17E5}.Production|Any CPU.ActiveCfg = Production|Any CPU
		{904E5F70-FFA5-4030-8F23-D27E977C17E5}.Production|Any CPU.Build.0 = Production|Any CPU
		{904E5F70-FFA5-4030-8F23-D27E977C17E5}.Release|Any CPU.ActiveCfg = Release|Any CPU
		{904E5F70-FFA5-4030-8F23-D27E977C17E5}.Release|Any CPU.Build.0 = Release|Any CPU
		{C96CA5CB-C805-4061-BE2C-246209F738EE}.Accept|Any CPU.ActiveCfg = Accept|Any CPU
		{C96CA5CB-C805-4061-BE2C-246209F738EE}.Accept|Any CPU.Build.0 = Accept|Any CPU
		{C96CA5CB-C805-4061-BE2C-246209F738EE}.Debug|Any CPU.ActiveCfg = Debug|Any CPU
		{C96CA5CB-C805-4061-BE2C-246209F738EE}.Debug|Any CPU.Build.0 = Debug|Any CPU
		{C96CA5CB-C805-4061-BE2C-246209F738EE}.Production|Any CPU.ActiveCfg = Production|Any CPU
		{C96CA5CB-C805-4061-BE2C-246209F738EE}.Production|Any CPU.Build.0 = Production|Any CPU
		{C96CA5CB-C805-4061-BE2C-246209F738EE}.Release|Any CPU.ActiveCfg = Release|Any CPU
		{C96CA5CB-C805-4061-BE2C-246209F738EE}.Release|Any CPU.Build.0 = Release|Any CPU
		{E7AC9602-7ADE-41C3-B0E9-C00376C6B2E7}.Accept|Any CPU.ActiveCfg = Accept|Any CPU
		{E7AC9602-7ADE-41C3-B0E9-C00376C6B2E7}.Accept|Any CPU.Build.0 = Accept|Any CPU
		{E7AC9602-7ADE-41C3-B0E9-C00376C6B2E7}.Debug|Any CPU.ActiveCfg = Debug|Any CPU
		{E7AC9602-7ADE-41C3-B0E9-C00376C6B2E7}.Debug|Any CPU.Build.0 = Debug|Any CPU
		{E7AC9602-7ADE-41C3-B0E9-C00376C6B2E7}.Production|Any CPU.ActiveCfg = Production|Any CPU
		{E7AC9602-7ADE-41C3-B0E9-C00376C6B2E7}.Production|Any CPU.Build.0 = Production|Any CPU
		{E7AC9602-7ADE-41C3-B0E9-C00376C6B2E7}.Release|Any CPU.ActiveCfg = Release|Any CPU
		{E7AC9602-7ADE-41C3-B0E9-C00376C6B2E7}.Release|Any CPU.Build.0 = Release|Any CPU
		{FDB6B6B3-53CF-457A-ADD5-CD0504C6E298}.Accept|Any CPU.ActiveCfg = Accept|Any CPU
		{FDB6B6B3-53CF-457A-ADD5-CD0504C6E298}.Accept|Any CPU.Build.0 = Accept|Any CPU
		{FDB6B6B3-53CF-457A-ADD5-CD0504C6E298}.Debug|Any CPU.ActiveCfg = Debug|Any CPU
		{FDB6B6B3-53CF-457A-ADD5-CD0504C6E298}.Debug|Any CPU.Build.0 = Debug|Any CPU
		{FDB6B6B3-53CF-457A-ADD5-CD0504C6E298}.Production|Any CPU.ActiveCfg = Production|Any CPU
		{FDB6B6B3-53CF-457A-ADD5-CD0504C6E298}.Production|Any CPU.Build.0 = Production|Any CPU
		{FDB6B6B3-53CF-457A-ADD5-CD0504C6E298}.Release|Any CPU.ActiveCfg = Release|Any CPU
		{FDB6B6B3-53CF-457A-ADD5-CD0504C6E298}.Release|Any CPU.Build.0 = Release|Any CPU
		{9D61E4D5-808A-486A-958F-B6D53E3A9771}.Accept|Any CPU.ActiveCfg = Accept|Any CPU
		{9D61E4D5-808A-486A-958F-B6D53E3A9771}.Accept|Any CPU.Build.0 = Accept|Any CPU
		{9D61E4D5-808A-486A-958F-B6D53E3A9771}.Debug|Any CPU.ActiveCfg = Debug|Any CPU
		{9D61E4D5-808A-486A-958F-B6D53E3A9771}.Debug|Any CPU.Build.0 = Debug|Any CPU
		{9D61E4D5-808A-486A-958F-B6D53E3A9771}.Production|Any CPU.ActiveCfg = Production|Any CPU
		{9D61E4D5-808A-486A-958F-B6D53E3A9771}.Production|Any CPU.Build.0 = Production|Any CPU
		{9D61E4D5-808A-486A-958F-B6D53E3A9771}.Release|Any CPU.ActiveCfg = Release|Any CPU
		{9D61E4D5-808A-486A-958F-B6D53E3A9771}.Release|Any CPU.Build.0 = Release|Any CPU
		{3E1B00B3-411C-4538-85D8-86128B05F8CB}.Accept|Any CPU.ActiveCfg = Accept|Any CPU
		{3E1B00B3-411C-4538-85D8-86128B05F8CB}.Accept|Any CPU.Build.0 = Accept|Any CPU
		{3E1B00B3-411C-4538-85D8-86128B05F8CB}.Debug|Any CPU.ActiveCfg = Debug|Any CPU
		{3E1B00B3-411C-4538-85D8-86128B05F8CB}.Debug|Any CPU.Build.0 = Debug|Any CPU
		{3E1B00B3-411C-4538-85D8-86128B05F8CB}.Production|Any CPU.ActiveCfg = Production|Any CPU
		{3E1B00B3-411C-4538-85D8-86128B05F8CB}.Production|Any CPU.Build.0 = Production|Any CPU
		{3E1B00B3-411C-4538-85D8-86128B05F8CB}.Release|Any CPU.ActiveCfg = Release|Any CPU
		{3E1B00B3-411C-4538-85D8-86128B05F8CB}.Release|Any CPU.Build.0 = Release|Any CPU
		{0ED7DC0A-59EA-49D5-A83E-1723A9DC24B0}.Accept|Any CPU.ActiveCfg = Accept|Any CPU
		{0ED7DC0A-59EA-49D5-A83E-1723A9DC24B0}.Accept|Any CPU.Build.0 = Accept|Any CPU
		{0ED7DC0A-59EA-49D5-A83E-1723A9DC24B0}.Debug|Any CPU.ActiveCfg = Debug|Any CPU
		{0ED7DC0A-59EA-49D5-A83E-1723A9DC24B0}.Debug|Any CPU.Build.0 = Debug|Any CPU
		{0ED7DC0A-59EA-49D5-A83E-1723A9DC24B0}.Production|Any CPU.ActiveCfg = Production|Any CPU
		{0ED7DC0A-59EA-49D5-A83E-1723A9DC24B0}.Production|Any CPU.Build.0 = Production|Any CPU
		{0ED7DC0A-59EA-49D5-A83E-1723A9DC24B0}.Release|Any CPU.ActiveCfg = Release|Any CPU
		{0ED7DC0A-59EA-49D5-A83E-1723A9DC24B0}.Release|Any CPU.Build.0 = Release|Any CPU
		{4887730F-B311-4D63-826E-95D0E3ED0A89}.Accept|Any CPU.ActiveCfg = Accept|Any CPU
		{4887730F-B311-4D63-826E-95D0E3ED0A89}.Accept|Any CPU.Build.0 = Accept|Any CPU
		{4887730F-B311-4D63-826E-95D0E3ED0A89}.Debug|Any CPU.ActiveCfg = Debug|Any CPU
		{4887730F-B311-4D63-826E-95D0E3ED0A89}.Debug|Any CPU.Build.0 = Debug|Any CPU
		{4887730F-B311-4D63-826E-95D0E3ED0A89}.Production|Any CPU.ActiveCfg = Production|Any CPU
		{4887730F-B311-4D63-826E-95D0E3ED0A89}.Production|Any CPU.Build.0 = Production|Any CPU
		{4887730F-B311-4D63-826E-95D0E3ED0A89}.Release|Any CPU.ActiveCfg = Release|Any CPU
		{4887730F-B311-4D63-826E-95D0E3ED0A89}.Release|Any CPU.Build.0 = Release|Any CPU
		{CFDA862B-B98B-4058-B5F4-C60E42B44ADE}.Accept|Any CPU.ActiveCfg = Accept|Any CPU
		{CFDA862B-B98B-4058-B5F4-C60E42B44ADE}.Accept|Any CPU.Build.0 = Accept|Any CPU
		{CFDA862B-B98B-4058-B5F4-C60E42B44ADE}.Debug|Any CPU.ActiveCfg = Debug|Any CPU
		{CFDA862B-B98B-4058-B5F4-C60E42B44ADE}.Debug|Any CPU.Build.0 = Debug|Any CPU
		{CFDA862B-B98B-4058-B5F4-C60E42B44ADE}.Production|Any CPU.ActiveCfg = Production|Any CPU
		{CFDA862B-B98B-4058-B5F4-C60E42B44ADE}.Production|Any CPU.Build.0 = Production|Any CPU
		{CFDA862B-B98B-4058-B5F4-C60E42B44ADE}.Release|Any CPU.ActiveCfg = Release|Any CPU
		{CFDA862B-B98B-4058-B5F4-C60E42B44ADE}.Release|Any CPU.Build.0 = Release|Any CPU
		{E2AA6A02-E0F9-4494-BC04-610103AFE5BE}.Accept|Any CPU.ActiveCfg = Accept|Any CPU
		{E2AA6A02-E0F9-4494-BC04-610103AFE5BE}.Accept|Any CPU.Build.0 = Accept|Any CPU
		{E2AA6A02-E0F9-4494-BC04-610103AFE5BE}.Debug|Any CPU.ActiveCfg = Debug|Any CPU
		{E2AA6A02-E0F9-4494-BC04-610103AFE5BE}.Debug|Any CPU.Build.0 = Debug|Any CPU
		{E2AA6A02-E0F9-4494-BC04-610103AFE5BE}.Production|Any CPU.ActiveCfg = Production|Any CPU
		{E2AA6A02-E0F9-4494-BC04-610103AFE5BE}.Production|Any CPU.Build.0 = Production|Any CPU
		{E2AA6A02-E0F9-4494-BC04-610103AFE5BE}.Release|Any CPU.ActiveCfg = Release|Any CPU
		{E2AA6A02-E0F9-4494-BC04-610103AFE5BE}.Release|Any CPU.Build.0 = Release|Any CPU
		{E0EFC39E-CC62-48E5-A7B8-F6EB9FD40E6F}.Accept|Any CPU.ActiveCfg = Accept|Any CPU
		{E0EFC39E-CC62-48E5-A7B8-F6EB9FD40E6F}.Accept|Any CPU.Build.0 = Accept|Any CPU
		{E0EFC39E-CC62-48E5-A7B8-F6EB9FD40E6F}.Debug|Any CPU.ActiveCfg = Debug|Any CPU
		{E0EFC39E-CC62-48E5-A7B8-F6EB9FD40E6F}.Debug|Any CPU.Build.0 = Debug|Any CPU
		{E0EFC39E-CC62-48E5-A7B8-F6EB9FD40E6F}.Production|Any CPU.ActiveCfg = Production|Any CPU
		{E0EFC39E-CC62-48E5-A7B8-F6EB9FD40E6F}.Production|Any CPU.Build.0 = Production|Any CPU
		{E0EFC39E-CC62-48E5-A7B8-F6EB9FD40E6F}.Release|Any CPU.ActiveCfg = Release|Any CPU
		{E0EFC39E-CC62-48E5-A7B8-F6EB9FD40E6F}.Release|Any CPU.Build.0 = Release|Any CPU
		{DC662CEF-16E1-4FCC-9857-4FD38DF9539A}.Accept|Any CPU.ActiveCfg = Accept|Any CPU
		{DC662CEF-16E1-4FCC-9857-4FD38DF9539A}.Accept|Any CPU.Build.0 = Accept|Any CPU
		{DC662CEF-16E1-4FCC-9857-4FD38DF9539A}.Debug|Any CPU.ActiveCfg = Debug|Any CPU
		{DC662CEF-16E1-4FCC-9857-4FD38DF9539A}.Debug|Any CPU.Build.0 = Debug|Any CPU
		{DC662CEF-16E1-4FCC-9857-4FD38DF9539A}.Production|Any CPU.ActiveCfg = Production|Any CPU
		{DC662CEF-16E1-4FCC-9857-4FD38DF9539A}.Production|Any CPU.Build.0 = Production|Any CPU
		{DC662CEF-16E1-4FCC-9857-4FD38DF9539A}.Release|Any CPU.ActiveCfg = Release|Any CPU
		{DC662CEF-16E1-4FCC-9857-4FD38DF9539A}.Release|Any CPU.Build.0 = Release|Any CPU
		{CA9157A6-3DE8-4846-B0F5-DA7F5425A1D9}.Accept|Any CPU.ActiveCfg = Accept|Any CPU
		{CA9157A6-3DE8-4846-B0F5-DA7F5425A1D9}.Accept|Any CPU.Build.0 = Accept|Any CPU
		{CA9157A6-3DE8-4846-B0F5-DA7F5425A1D9}.Debug|Any CPU.ActiveCfg = Debug|Any CPU
		{CA9157A6-3DE8-4846-B0F5-DA7F5425A1D9}.Debug|Any CPU.Build.0 = Debug|Any CPU
		{CA9157A6-3DE8-4846-B0F5-DA7F5425A1D9}.Production|Any CPU.ActiveCfg = Production|Any CPU
		{CA9157A6-3DE8-4846-B0F5-DA7F5425A1D9}.Production|Any CPU.Build.0 = Production|Any CPU
		{CA9157A6-3DE8-4846-B0F5-DA7F5425A1D9}.Release|Any CPU.ActiveCfg = Release|Any CPU
		{CA9157A6-3DE8-4846-B0F5-DA7F5425A1D9}.Release|Any CPU.Build.0 = Release|Any CPU
		{96614DFD-EF90-4552-967F-F682EA2FBD7D}.Accept|Any CPU.ActiveCfg = Accept|Any CPU
		{96614DFD-EF90-4552-967F-F682EA2FBD7D}.Accept|Any CPU.Build.0 = Accept|Any CPU
		{96614DFD-EF90-4552-967F-F682EA2FBD7D}.Debug|Any CPU.ActiveCfg = Debug|Any CPU
		{96614DFD-EF90-4552-967F-F682EA2FBD7D}.Debug|Any CPU.Build.0 = Debug|Any CPU
		{96614DFD-EF90-4552-967F-F682EA2FBD7D}.Production|Any CPU.ActiveCfg = Production|Any CPU
		{96614DFD-EF90-4552-967F-F682EA2FBD7D}.Production|Any CPU.Build.0 = Production|Any CPU
		{96614DFD-EF90-4552-967F-F682EA2FBD7D}.Release|Any CPU.ActiveCfg = Release|Any CPU
		{96614DFD-EF90-4552-967F-F682EA2FBD7D}.Release|Any CPU.Build.0 = Release|Any CPU
		{3A51724B-36C3-4670-B482-183887E8ABE3}.Accept|Any CPU.ActiveCfg = Accept|Any CPU
		{3A51724B-36C3-4670-B482-183887E8ABE3}.Accept|Any CPU.Build.0 = Accept|Any CPU
		{3A51724B-36C3-4670-B482-183887E8ABE3}.Debug|Any CPU.ActiveCfg = Debug|Any CPU
		{3A51724B-36C3-4670-B482-183887E8ABE3}.Debug|Any CPU.Build.0 = Debug|Any CPU
		{3A51724B-36C3-4670-B482-183887E8ABE3}.Production|Any CPU.ActiveCfg = Production|Any CPU
		{3A51724B-36C3-4670-B482-183887E8ABE3}.Production|Any CPU.Build.0 = Production|Any CPU
		{3A51724B-36C3-4670-B482-183887E8ABE3}.Release|Any CPU.ActiveCfg = Release|Any CPU
		{3A51724B-36C3-4670-B482-183887E8ABE3}.Release|Any CPU.Build.0 = Release|Any CPU
		{4BC516DD-8163-4068-8612-8C9DBC77E0AC}.Accept|Any CPU.ActiveCfg = Accept|Any CPU
		{4BC516DD-8163-4068-8612-8C9DBC77E0AC}.Accept|Any CPU.Build.0 = Accept|Any CPU
		{4BC516DD-8163-4068-8612-8C9DBC77E0AC}.Debug|Any CPU.ActiveCfg = Debug|Any CPU
		{4BC516DD-8163-4068-8612-8C9DBC77E0AC}.Debug|Any CPU.Build.0 = Debug|Any CPU
		{4BC516DD-8163-4068-8612-8C9DBC77E0AC}.Production|Any CPU.ActiveCfg = Production|Any CPU
		{4BC516DD-8163-4068-8612-8C9DBC77E0AC}.Production|Any CPU.Build.0 = Production|Any CPU
		{4BC516DD-8163-4068-8612-8C9DBC77E0AC}.Release|Any CPU.ActiveCfg = Release|Any CPU
		{4BC516DD-8163-4068-8612-8C9DBC77E0AC}.Release|Any CPU.Build.0 = Release|Any CPU
		{378EA1F6-3952-48E2-A648-ACFA4F77C9E5}.Accept|Any CPU.ActiveCfg = Accept|Any CPU
		{378EA1F6-3952-48E2-A648-ACFA4F77C9E5}.Accept|Any CPU.Build.0 = Accept|Any CPU
		{378EA1F6-3952-48E2-A648-ACFA4F77C9E5}.Debug|Any CPU.ActiveCfg = Debug|Any CPU
		{378EA1F6-3952-48E2-A648-ACFA4F77C9E5}.Debug|Any CPU.Build.0 = Debug|Any CPU
		{378EA1F6-3952-48E2-A648-ACFA4F77C9E5}.Production|Any CPU.ActiveCfg = Production|Any CPU
		{378EA1F6-3952-48E2-A648-ACFA4F77C9E5}.Production|Any CPU.Build.0 = Production|Any CPU
		{378EA1F6-3952-48E2-A648-ACFA4F77C9E5}.Release|Any CPU.ActiveCfg = Release|Any CPU
		{378EA1F6-3952-48E2-A648-ACFA4F77C9E5}.Release|Any CPU.Build.0 = Release|Any CPU
		{34E77A39-8AC4-4FD7-831D-1B7EE9394425}.Accept|Any CPU.ActiveCfg = Accept|Any CPU
		{34E77A39-8AC4-4FD7-831D-1B7EE9394425}.Accept|Any CPU.Build.0 = Accept|Any CPU
		{34E77A39-8AC4-4FD7-831D-1B7EE9394425}.Debug|Any CPU.ActiveCfg = Debug|Any CPU
		{34E77A39-8AC4-4FD7-831D-1B7EE9394425}.Debug|Any CPU.Build.0 = Debug|Any CPU
		{34E77A39-8AC4-4FD7-831D-1B7EE9394425}.Production|Any CPU.ActiveCfg = Production|Any CPU
		{34E77A39-8AC4-4FD7-831D-1B7EE9394425}.Production|Any CPU.Build.0 = Production|Any CPU
		{34E77A39-8AC4-4FD7-831D-1B7EE9394425}.Release|Any CPU.ActiveCfg = Release|Any CPU
		{34E77A39-8AC4-4FD7-831D-1B7EE9394425}.Release|Any CPU.Build.0 = Release|Any CPU
		{62E9BF32-75A5-4624-BDF6-BC9D8E24A96D}.Accept|Any CPU.ActiveCfg = Accept|Any CPU
		{62E9BF32-75A5-4624-BDF6-BC9D8E24A96D}.Accept|Any CPU.Build.0 = Accept|Any CPU
		{62E9BF32-75A5-4624-BDF6-BC9D8E24A96D}.Debug|Any CPU.ActiveCfg = Debug|Any CPU
		{62E9BF32-75A5-4624-BDF6-BC9D8E24A96D}.Debug|Any CPU.Build.0 = Debug|Any CPU
		{62E9BF32-75A5-4624-BDF6-BC9D8E24A96D}.Production|Any CPU.ActiveCfg = Production|Any CPU
		{62E9BF32-75A5-4624-BDF6-BC9D8E24A96D}.Production|Any CPU.Build.0 = Production|Any CPU
		{62E9BF32-75A5-4624-BDF6-BC9D8E24A96D}.Release|Any CPU.ActiveCfg = Release|Any CPU
		{62E9BF32-75A5-4624-BDF6-BC9D8E24A96D}.Release|Any CPU.Build.0 = Release|Any CPU
		{6C119DCC-646E-4E91-B8B3-078500FE6B38}.Accept|Any CPU.ActiveCfg = Accept|Any CPU
		{6C119DCC-646E-4E91-B8B3-078500FE6B38}.Accept|Any CPU.Build.0 = Accept|Any CPU
		{6C119DCC-646E-4E91-B8B3-078500FE6B38}.Debug|Any CPU.ActiveCfg = Debug|Any CPU
		{6C119DCC-646E-4E91-B8B3-078500FE6B38}.Debug|Any CPU.Build.0 = Debug|Any CPU
		{6C119DCC-646E-4E91-B8B3-078500FE6B38}.Production|Any CPU.ActiveCfg = Production|Any CPU
		{6C119DCC-646E-4E91-B8B3-078500FE6B38}.Production|Any CPU.Build.0 = Production|Any CPU
		{6C119DCC-646E-4E91-B8B3-078500FE6B38}.Release|Any CPU.ActiveCfg = Release|Any CPU
		{6C119DCC-646E-4E91-B8B3-078500FE6B38}.Release|Any CPU.Build.0 = Release|Any CPU
		{A1AD976B-57FE-43AB-A10F-E6DF3914B594}.Accept|Any CPU.ActiveCfg = Accept|Any CPU
		{A1AD976B-57FE-43AB-A10F-E6DF3914B594}.Accept|Any CPU.Build.0 = Accept|Any CPU
		{A1AD976B-57FE-43AB-A10F-E6DF3914B594}.Debug|Any CPU.ActiveCfg = Debug|Any CPU
		{A1AD976B-57FE-43AB-A10F-E6DF3914B594}.Debug|Any CPU.Build.0 = Debug|Any CPU
		{A1AD976B-57FE-43AB-A10F-E6DF3914B594}.Production|Any CPU.ActiveCfg = Production|Any CPU
		{A1AD976B-57FE-43AB-A10F-E6DF3914B594}.Production|Any CPU.Build.0 = Production|Any CPU
		{A1AD976B-57FE-43AB-A10F-E6DF3914B594}.Release|Any CPU.ActiveCfg = Release|Any CPU
		{A1AD976B-57FE-43AB-A10F-E6DF3914B594}.Release|Any CPU.Build.0 = Release|Any CPU
		{3D4888B2-356F-45BB-A314-01851818C170}.Accept|Any CPU.ActiveCfg = Accept|Any CPU
		{3D4888B2-356F-45BB-A314-01851818C170}.Accept|Any CPU.Build.0 = Accept|Any CPU
		{3D4888B2-356F-45BB-A314-01851818C170}.Debug|Any CPU.ActiveCfg = Debug|Any CPU
		{3D4888B2-356F-45BB-A314-01851818C170}.Debug|Any CPU.Build.0 = Debug|Any CPU
		{3D4888B2-356F-45BB-A314-01851818C170}.Production|Any CPU.ActiveCfg = Production|Any CPU
		{3D4888B2-356F-45BB-A314-01851818C170}.Production|Any CPU.Build.0 = Production|Any CPU
		{3D4888B2-356F-45BB-A314-01851818C170}.Release|Any CPU.ActiveCfg = Release|Any CPU
		{3D4888B2-356F-45BB-A314-01851818C170}.Release|Any CPU.Build.0 = Release|Any CPU
		{69187D81-14ED-49DF-AAB4-90C9AA417659}.Accept|Any CPU.ActiveCfg = Accept|Any CPU
		{69187D81-14ED-49DF-AAB4-90C9AA417659}.Accept|Any CPU.Build.0 = Accept|Any CPU
		{69187D81-14ED-49DF-AAB4-90C9AA417659}.Debug|Any CPU.ActiveCfg = Debug|Any CPU
		{69187D81-14ED-49DF-AAB4-90C9AA417659}.Debug|Any CPU.Build.0 = Debug|Any CPU
		{69187D81-14ED-49DF-AAB4-90C9AA417659}.Production|Any CPU.ActiveCfg = Production|Any CPU
		{69187D81-14ED-49DF-AAB4-90C9AA417659}.Production|Any CPU.Build.0 = Production|Any CPU
		{69187D81-14ED-49DF-AAB4-90C9AA417659}.Release|Any CPU.ActiveCfg = Release|Any CPU
		{69187D81-14ED-49DF-AAB4-90C9AA417659}.Release|Any CPU.Build.0 = Release|Any CPU
		{9BBEA49F-CC46-4C50-8215-7DC7DE28BD66}.Accept|Any CPU.ActiveCfg = Accept|Any CPU
		{9BBEA49F-CC46-4C50-8215-7DC7DE28BD66}.Accept|Any CPU.Build.0 = Accept|Any CPU
		{9BBEA49F-CC46-4C50-8215-7DC7DE28BD66}.Debug|Any CPU.ActiveCfg = Debug|Any CPU
		{9BBEA49F-CC46-4C50-8215-7DC7DE28BD66}.Debug|Any CPU.Build.0 = Debug|Any CPU
		{9BBEA49F-CC46-4C50-8215-7DC7DE28BD66}.Production|Any CPU.ActiveCfg = Production|Any CPU
		{9BBEA49F-CC46-4C50-8215-7DC7DE28BD66}.Production|Any CPU.Build.0 = Production|Any CPU
		{9BBEA49F-CC46-4C50-8215-7DC7DE28BD66}.Release|Any CPU.ActiveCfg = Release|Any CPU
		{9BBEA49F-CC46-4C50-8215-7DC7DE28BD66}.Release|Any CPU.Build.0 = Release|Any CPU
		{6B8BD1AE-3081-4BF3-89CA-63C15259EDB9}.Accept|Any CPU.ActiveCfg = Accept|Any CPU
		{6B8BD1AE-3081-4BF3-89CA-63C15259EDB9}.Accept|Any CPU.Build.0 = Accept|Any CPU
		{6B8BD1AE-3081-4BF3-89CA-63C15259EDB9}.Debug|Any CPU.ActiveCfg = Debug|Any CPU
		{6B8BD1AE-3081-4BF3-89CA-63C15259EDB9}.Debug|Any CPU.Build.0 = Debug|Any CPU
		{6B8BD1AE-3081-4BF3-89CA-63C15259EDB9}.Production|Any CPU.ActiveCfg = Production|Any CPU
		{6B8BD1AE-3081-4BF3-89CA-63C15259EDB9}.Production|Any CPU.Build.0 = Production|Any CPU
		{6B8BD1AE-3081-4BF3-89CA-63C15259EDB9}.Release|Any CPU.ActiveCfg = Release|Any CPU
		{6B8BD1AE-3081-4BF3-89CA-63C15259EDB9}.Release|Any CPU.Build.0 = Release|Any CPU
		{439D90B5-F5A5-4E68-BC23-6307ED539F48}.Accept|Any CPU.ActiveCfg = Accept|Any CPU
		{439D90B5-F5A5-4E68-BC23-6307ED539F48}.Accept|Any CPU.Build.0 = Accept|Any CPU
		{439D90B5-F5A5-4E68-BC23-6307ED539F48}.Debug|Any CPU.ActiveCfg = Debug|Any CPU
		{439D90B5-F5A5-4E68-BC23-6307ED539F48}.Debug|Any CPU.Build.0 = Debug|Any CPU
		{439D90B5-F5A5-4E68-BC23-6307ED539F48}.Production|Any CPU.ActiveCfg = Production|Any CPU
		{439D90B5-F5A5-4E68-BC23-6307ED539F48}.Production|Any CPU.Build.0 = Production|Any CPU
		{439D90B5-F5A5-4E68-BC23-6307ED539F48}.Release|Any CPU.ActiveCfg = Release|Any CPU
		{439D90B5-F5A5-4E68-BC23-6307ED539F48}.Release|Any CPU.Build.0 = Release|Any CPU
		{A95BC58E-E3A6-47CA-90D7-F200F6671958}.Accept|Any CPU.ActiveCfg = Accept|Any CPU
		{A95BC58E-E3A6-47CA-90D7-F200F6671958}.Accept|Any CPU.Build.0 = Accept|Any CPU
		{A95BC58E-E3A6-47CA-90D7-F200F6671958}.Debug|Any CPU.ActiveCfg = Debug|Any CPU
		{A95BC58E-E3A6-47CA-90D7-F200F6671958}.Debug|Any CPU.Build.0 = Debug|Any CPU
		{A95BC58E-E3A6-47CA-90D7-F200F6671958}.Production|Any CPU.ActiveCfg = Production|Any CPU
		{A95BC58E-E3A6-47CA-90D7-F200F6671958}.Production|Any CPU.Build.0 = Production|Any CPU
		{A95BC58E-E3A6-47CA-90D7-F200F6671958}.Release|Any CPU.ActiveCfg = Release|Any CPU
		{A95BC58E-E3A6-47CA-90D7-F200F6671958}.Release|Any CPU.Build.0 = Release|Any CPU
		{F14AA085-4093-46E7-ABCC-4627F441177F}.Accept|Any CPU.ActiveCfg = Accept|Any CPU
		{F14AA085-4093-46E7-ABCC-4627F441177F}.Accept|Any CPU.Build.0 = Accept|Any CPU
		{F14AA085-4093-46E7-ABCC-4627F441177F}.Debug|Any CPU.ActiveCfg = Debug|Any CPU
		{F14AA085-4093-46E7-ABCC-4627F441177F}.Debug|Any CPU.Build.0 = Debug|Any CPU
		{F14AA085-4093-46E7-ABCC-4627F441177F}.Production|Any CPU.ActiveCfg = Production|Any CPU
		{F14AA085-4093-46E7-ABCC-4627F441177F}.Production|Any CPU.Build.0 = Production|Any CPU
		{F14AA085-4093-46E7-ABCC-4627F441177F}.Release|Any CPU.ActiveCfg = Release|Any CPU
		{F14AA085-4093-46E7-ABCC-4627F441177F}.Release|Any CPU.Build.0 = Release|Any CPU
		{CD730ECC-29D1-4A12-B83F-6F0E933F5D5F}.Accept|Any CPU.ActiveCfg = Accept|Any CPU
		{CD730ECC-29D1-4A12-B83F-6F0E933F5D5F}.Accept|Any CPU.Build.0 = Accept|Any CPU
		{CD730ECC-29D1-4A12-B83F-6F0E933F5D5F}.Debug|Any CPU.ActiveCfg = Debug|Any CPU
		{CD730ECC-29D1-4A12-B83F-6F0E933F5D5F}.Debug|Any CPU.Build.0 = Debug|Any CPU
		{CD730ECC-29D1-4A12-B83F-6F0E933F5D5F}.Production|Any CPU.ActiveCfg = Production|Any CPU
		{CD730ECC-29D1-4A12-B83F-6F0E933F5D5F}.Production|Any CPU.Build.0 = Production|Any CPU
		{CD730ECC-29D1-4A12-B83F-6F0E933F5D5F}.Release|Any CPU.ActiveCfg = Release|Any CPU
		{CD730ECC-29D1-4A12-B83F-6F0E933F5D5F}.Release|Any CPU.Build.0 = Release|Any CPU
		{3815636A-45E4-40A7-B466-6D0F655D0254}.Accept|Any CPU.ActiveCfg = Accept|Any CPU
		{3815636A-45E4-40A7-B466-6D0F655D0254}.Accept|Any CPU.Build.0 = Accept|Any CPU
		{3815636A-45E4-40A7-B466-6D0F655D0254}.Debug|Any CPU.ActiveCfg = Debug|Any CPU
		{3815636A-45E4-40A7-B466-6D0F655D0254}.Debug|Any CPU.Build.0 = Debug|Any CPU
		{3815636A-45E4-40A7-B466-6D0F655D0254}.Production|Any CPU.ActiveCfg = Production|Any CPU
		{3815636A-45E4-40A7-B466-6D0F655D0254}.Production|Any CPU.Build.0 = Production|Any CPU
		{3815636A-45E4-40A7-B466-6D0F655D0254}.Release|Any CPU.ActiveCfg = Release|Any CPU
		{3815636A-45E4-40A7-B466-6D0F655D0254}.Release|Any CPU.Build.0 = Release|Any CPU
		{8A3B353A-8FE6-4DDE-B738-E397DF128B5D}.Accept|Any CPU.ActiveCfg = Accept|Any CPU
		{8A3B353A-8FE6-4DDE-B738-E397DF128B5D}.Accept|Any CPU.Build.0 = Accept|Any CPU
		{8A3B353A-8FE6-4DDE-B738-E397DF128B5D}.Debug|Any CPU.ActiveCfg = Debug|Any CPU
		{8A3B353A-8FE6-4DDE-B738-E397DF128B5D}.Debug|Any CPU.Build.0 = Debug|Any CPU
		{8A3B353A-8FE6-4DDE-B738-E397DF128B5D}.Production|Any CPU.ActiveCfg = Production|Any CPU
		{8A3B353A-8FE6-4DDE-B738-E397DF128B5D}.Production|Any CPU.Build.0 = Production|Any CPU
		{8A3B353A-8FE6-4DDE-B738-E397DF128B5D}.Release|Any CPU.ActiveCfg = Release|Any CPU
		{8A3B353A-8FE6-4DDE-B738-E397DF128B5D}.Release|Any CPU.Build.0 = Release|Any CPU
		{B557587C-DEB5-45EE-B14A-886DBE185D16}.Accept|Any CPU.ActiveCfg = Accept|Any CPU
		{B557587C-DEB5-45EE-B14A-886DBE185D16}.Accept|Any CPU.Build.0 = Accept|Any CPU
		{B557587C-DEB5-45EE-B14A-886DBE185D16}.Debug|Any CPU.ActiveCfg = Debug|Any CPU
		{B557587C-DEB5-45EE-B14A-886DBE185D16}.Debug|Any CPU.Build.0 = Debug|Any CPU
		{B557587C-DEB5-45EE-B14A-886DBE185D16}.Production|Any CPU.ActiveCfg = Production|Any CPU
		{B557587C-DEB5-45EE-B14A-886DBE185D16}.Production|Any CPU.Build.0 = Production|Any CPU
		{B557587C-DEB5-45EE-B14A-886DBE185D16}.Release|Any CPU.ActiveCfg = Release|Any CPU
		{B557587C-DEB5-45EE-B14A-886DBE185D16}.Release|Any CPU.Build.0 = Release|Any CPU
		{BDACF3DC-ECB0-4A8B-A0C9-22152E58C4B3}.Accept|Any CPU.ActiveCfg = Accept|Any CPU
		{BDACF3DC-ECB0-4A8B-A0C9-22152E58C4B3}.Accept|Any CPU.Build.0 = Accept|Any CPU
		{BDACF3DC-ECB0-4A8B-A0C9-22152E58C4B3}.Debug|Any CPU.ActiveCfg = Debug|Any CPU
		{BDACF3DC-ECB0-4A8B-A0C9-22152E58C4B3}.Debug|Any CPU.Build.0 = Debug|Any CPU
		{BDACF3DC-ECB0-4A8B-A0C9-22152E58C4B3}.Production|Any CPU.ActiveCfg = Production|Any CPU
		{BDACF3DC-ECB0-4A8B-A0C9-22152E58C4B3}.Production|Any CPU.Build.0 = Production|Any CPU
		{BDACF3DC-ECB0-4A8B-A0C9-22152E58C4B3}.Release|Any CPU.ActiveCfg = Release|Any CPU
		{BDACF3DC-ECB0-4A8B-A0C9-22152E58C4B3}.Release|Any CPU.Build.0 = Release|Any CPU
		{6B21BC98-5137-4EFB-9623-158100C89288}.Accept|Any CPU.ActiveCfg = Accept|Any CPU
		{6B21BC98-5137-4EFB-9623-158100C89288}.Accept|Any CPU.Build.0 = Accept|Any CPU
		{6B21BC98-5137-4EFB-9623-158100C89288}.Debug|Any CPU.ActiveCfg = Debug|Any CPU
		{6B21BC98-5137-4EFB-9623-158100C89288}.Debug|Any CPU.Build.0 = Debug|Any CPU
		{6B21BC98-5137-4EFB-9623-158100C89288}.Production|Any CPU.ActiveCfg = Production|Any CPU
		{6B21BC98-5137-4EFB-9623-158100C89288}.Production|Any CPU.Build.0 = Production|Any CPU
		{6B21BC98-5137-4EFB-9623-158100C89288}.Release|Any CPU.ActiveCfg = Release|Any CPU
		{6B21BC98-5137-4EFB-9623-158100C89288}.Release|Any CPU.Build.0 = Release|Any CPU
		{A4611B04-0575-439B-9753-7572271EDF77}.Accept|Any CPU.ActiveCfg = Accept|Any CPU
		{A4611B04-0575-439B-9753-7572271EDF77}.Accept|Any CPU.Build.0 = Accept|Any CPU
		{A4611B04-0575-439B-9753-7572271EDF77}.Debug|Any CPU.ActiveCfg = Debug|Any CPU
		{A4611B04-0575-439B-9753-7572271EDF77}.Debug|Any CPU.Build.0 = Debug|Any CPU
		{A4611B04-0575-439B-9753-7572271EDF77}.Production|Any CPU.ActiveCfg = Production|Any CPU
		{A4611B04-0575-439B-9753-7572271EDF77}.Production|Any CPU.Build.0 = Production|Any CPU
		{A4611B04-0575-439B-9753-7572271EDF77}.Release|Any CPU.ActiveCfg = Release|Any CPU
		{A4611B04-0575-439B-9753-7572271EDF77}.Release|Any CPU.Build.0 = Release|Any CPU
		{FA775BC1-48C9-435F-8549-076A58ABFE89}.Accept|Any CPU.ActiveCfg = Accept|Any CPU
		{FA775BC1-48C9-435F-8549-076A58ABFE89}.Accept|Any CPU.Build.0 = Accept|Any CPU
		{FA775BC1-48C9-435F-8549-076A58ABFE89}.Debug|Any CPU.ActiveCfg = Debug|Any CPU
		{FA775BC1-48C9-435F-8549-076A58ABFE89}.Debug|Any CPU.Build.0 = Debug|Any CPU
		{FA775BC1-48C9-435F-8549-076A58ABFE89}.Production|Any CPU.ActiveCfg = Production|Any CPU
		{FA775BC1-48C9-435F-8549-076A58ABFE89}.Production|Any CPU.Build.0 = Production|Any CPU
		{FA775BC1-48C9-435F-8549-076A58ABFE89}.Release|Any CPU.ActiveCfg = Release|Any CPU
		{FA775BC1-48C9-435F-8549-076A58ABFE89}.Release|Any CPU.Build.0 = Release|Any CPU
		{6E75701B-A44D-48F2-972D-096D32705D15}.Accept|Any CPU.ActiveCfg = Accept|Any CPU
		{6E75701B-A44D-48F2-972D-096D32705D15}.Accept|Any CPU.Build.0 = Accept|Any CPU
		{6E75701B-A44D-48F2-972D-096D32705D15}.Debug|Any CPU.ActiveCfg = Debug|Any CPU
		{6E75701B-A44D-48F2-972D-096D32705D15}.Debug|Any CPU.Build.0 = Debug|Any CPU
		{6E75701B-A44D-48F2-972D-096D32705D15}.Production|Any CPU.ActiveCfg = Production|Any CPU
		{6E75701B-A44D-48F2-972D-096D32705D15}.Production|Any CPU.Build.0 = Production|Any CPU
		{6E75701B-A44D-48F2-972D-096D32705D15}.Release|Any CPU.ActiveCfg = Release|Any CPU
		{6E75701B-A44D-48F2-972D-096D32705D15}.Release|Any CPU.Build.0 = Release|Any CPU
		{968B6690-9F05-44F9-883E-5A904F27618F}.Accept|Any CPU.ActiveCfg = Accept|Any CPU
		{968B6690-9F05-44F9-883E-5A904F27618F}.Accept|Any CPU.Build.0 = Accept|Any CPU
		{968B6690-9F05-44F9-883E-5A904F27618F}.Debug|Any CPU.ActiveCfg = Debug|Any CPU
		{968B6690-9F05-44F9-883E-5A904F27618F}.Debug|Any CPU.Build.0 = Debug|Any CPU
		{968B6690-9F05-44F9-883E-5A904F27618F}.Production|Any CPU.ActiveCfg = Production|Any CPU
		{968B6690-9F05-44F9-883E-5A904F27618F}.Production|Any CPU.Build.0 = Production|Any CPU
		{968B6690-9F05-44F9-883E-5A904F27618F}.Release|Any CPU.ActiveCfg = Release|Any CPU
		{968B6690-9F05-44F9-883E-5A904F27618F}.Release|Any CPU.Build.0 = Release|Any CPU
		{E2AA3708-C185-43AC-B16E-3DD07BB6D94A}.Accept|Any CPU.ActiveCfg = Accept|Any CPU
		{E2AA3708-C185-43AC-B16E-3DD07BB6D94A}.Accept|Any CPU.Build.0 = Accept|Any CPU
		{E2AA3708-C185-43AC-B16E-3DD07BB6D94A}.Debug|Any CPU.ActiveCfg = Debug|Any CPU
		{E2AA3708-C185-43AC-B16E-3DD07BB6D94A}.Debug|Any CPU.Build.0 = Debug|Any CPU
		{E2AA3708-C185-43AC-B16E-3DD07BB6D94A}.Production|Any CPU.ActiveCfg = Production|Any CPU
		{E2AA3708-C185-43AC-B16E-3DD07BB6D94A}.Production|Any CPU.Build.0 = Production|Any CPU
		{E2AA3708-C185-43AC-B16E-3DD07BB6D94A}.Release|Any CPU.ActiveCfg = Release|Any CPU
		{E2AA3708-C185-43AC-B16E-3DD07BB6D94A}.Release|Any CPU.Build.0 = Release|Any CPU
		{434A254B-3AC6-41B0-8ABA-23290EB2F343}.Accept|Any CPU.ActiveCfg = Accept|Any CPU
		{434A254B-3AC6-41B0-8ABA-23290EB2F343}.Accept|Any CPU.Build.0 = Accept|Any CPU
		{434A254B-3AC6-41B0-8ABA-23290EB2F343}.Debug|Any CPU.ActiveCfg = Debug|Any CPU
		{434A254B-3AC6-41B0-8ABA-23290EB2F343}.Debug|Any CPU.Build.0 = Debug|Any CPU
		{434A254B-3AC6-41B0-8ABA-23290EB2F343}.Production|Any CPU.ActiveCfg = Production|Any CPU
		{434A254B-3AC6-41B0-8ABA-23290EB2F343}.Production|Any CPU.Build.0 = Production|Any CPU
		{434A254B-3AC6-41B0-8ABA-23290EB2F343}.Release|Any CPU.ActiveCfg = Release|Any CPU
		{434A254B-3AC6-41B0-8ABA-23290EB2F343}.Release|Any CPU.Build.0 = Release|Any CPU
		{21315BE3-A5B4-458A-89B7-288EB470D70E}.Accept|Any CPU.ActiveCfg = Accept|Any CPU
		{21315BE3-A5B4-458A-89B7-288EB470D70E}.Accept|Any CPU.Build.0 = Accept|Any CPU
		{21315BE3-A5B4-458A-89B7-288EB470D70E}.Debug|Any CPU.ActiveCfg = Debug|Any CPU
		{21315BE3-A5B4-458A-89B7-288EB470D70E}.Debug|Any CPU.Build.0 = Debug|Any CPU
		{21315BE3-A5B4-458A-89B7-288EB470D70E}.Production|Any CPU.ActiveCfg = Production|Any CPU
		{21315BE3-A5B4-458A-89B7-288EB470D70E}.Production|Any CPU.Build.0 = Production|Any CPU
		{21315BE3-A5B4-458A-89B7-288EB470D70E}.Release|Any CPU.ActiveCfg = Release|Any CPU
		{21315BE3-A5B4-458A-89B7-288EB470D70E}.Release|Any CPU.Build.0 = Release|Any CPU
		{A50ED017-669F-4FD3-91CD-51AD9F11DD8C}.Accept|Any CPU.ActiveCfg = Accept|Any CPU
		{A50ED017-669F-4FD3-91CD-51AD9F11DD8C}.Accept|Any CPU.Build.0 = Accept|Any CPU
		{A50ED017-669F-4FD3-91CD-51AD9F11DD8C}.Debug|Any CPU.ActiveCfg = Debug|Any CPU
		{A50ED017-669F-4FD3-91CD-51AD9F11DD8C}.Debug|Any CPU.Build.0 = Debug|Any CPU
		{A50ED017-669F-4FD3-91CD-51AD9F11DD8C}.Production|Any CPU.ActiveCfg = Production|Any CPU
		{A50ED017-669F-4FD3-91CD-51AD9F11DD8C}.Production|Any CPU.Build.0 = Production|Any CPU
		{A50ED017-669F-4FD3-91CD-51AD9F11DD8C}.Release|Any CPU.ActiveCfg = Release|Any CPU
		{A50ED017-669F-4FD3-91CD-51AD9F11DD8C}.Release|Any CPU.Build.0 = Release|Any CPU
		{46D4204E-5C1F-4E0A-9AC7-FBD9BFA9921A}.Accept|Any CPU.ActiveCfg = Accept|Any CPU
		{46D4204E-5C1F-4E0A-9AC7-FBD9BFA9921A}.Accept|Any CPU.Build.0 = Accept|Any CPU
		{46D4204E-5C1F-4E0A-9AC7-FBD9BFA9921A}.Debug|Any CPU.ActiveCfg = Debug|Any CPU
		{46D4204E-5C1F-4E0A-9AC7-FBD9BFA9921A}.Debug|Any CPU.Build.0 = Debug|Any CPU
		{46D4204E-5C1F-4E0A-9AC7-FBD9BFA9921A}.Production|Any CPU.ActiveCfg = Production|Any CPU
		{46D4204E-5C1F-4E0A-9AC7-FBD9BFA9921A}.Production|Any CPU.Build.0 = Production|Any CPU
		{46D4204E-5C1F-4E0A-9AC7-FBD9BFA9921A}.Release|Any CPU.ActiveCfg = Release|Any CPU
		{46D4204E-5C1F-4E0A-9AC7-FBD9BFA9921A}.Release|Any CPU.Build.0 = Release|Any CPU
		{F61A9911-E756-4CD0-AB88-7682B885E6D9}.Accept|Any CPU.ActiveCfg = Accept|Any CPU
		{F61A9911-E756-4CD0-AB88-7682B885E6D9}.Accept|Any CPU.Build.0 = Accept|Any CPU
		{F61A9911-E756-4CD0-AB88-7682B885E6D9}.Debug|Any CPU.ActiveCfg = Debug|Any CPU
		{F61A9911-E756-4CD0-AB88-7682B885E6D9}.Debug|Any CPU.Build.0 = Debug|Any CPU
		{F61A9911-E756-4CD0-AB88-7682B885E6D9}.Production|Any CPU.ActiveCfg = Production|Any CPU
		{F61A9911-E756-4CD0-AB88-7682B885E6D9}.Production|Any CPU.Build.0 = Production|Any CPU
		{F61A9911-E756-4CD0-AB88-7682B885E6D9}.Release|Any CPU.ActiveCfg = Release|Any CPU
		{F61A9911-E756-4CD0-AB88-7682B885E6D9}.Release|Any CPU.Build.0 = Release|Any CPU
		{08F46C35-8562-47C4-BC59-E04A1EB4A76C}.Accept|Any CPU.ActiveCfg = Accept|Any CPU
		{08F46C35-8562-47C4-BC59-E04A1EB4A76C}.Accept|Any CPU.Build.0 = Accept|Any CPU
		{08F46C35-8562-47C4-BC59-E04A1EB4A76C}.Debug|Any CPU.ActiveCfg = Debug|Any CPU
		{08F46C35-8562-47C4-BC59-E04A1EB4A76C}.Debug|Any CPU.Build.0 = Debug|Any CPU
		{08F46C35-8562-47C4-BC59-E04A1EB4A76C}.Production|Any CPU.ActiveCfg = Production|Any CPU
		{08F46C35-8562-47C4-BC59-E04A1EB4A76C}.Production|Any CPU.Build.0 = Production|Any CPU
		{08F46C35-8562-47C4-BC59-E04A1EB4A76C}.Release|Any CPU.ActiveCfg = Release|Any CPU
		{08F46C35-8562-47C4-BC59-E04A1EB4A76C}.Release|Any CPU.Build.0 = Release|Any CPU
		{0EA93221-3F1A-4256-87B3-52E3A95F9B0B}.Accept|Any CPU.ActiveCfg = Accept|Any CPU
		{0EA93221-3F1A-4256-87B3-52E3A95F9B0B}.Accept|Any CPU.Build.0 = Accept|Any CPU
		{0EA93221-3F1A-4256-87B3-52E3A95F9B0B}.Debug|Any CPU.ActiveCfg = Debug|Any CPU
		{0EA93221-3F1A-4256-87B3-52E3A95F9B0B}.Debug|Any CPU.Build.0 = Debug|Any CPU
		{0EA93221-3F1A-4256-87B3-52E3A95F9B0B}.Production|Any CPU.ActiveCfg = Production|Any CPU
		{0EA93221-3F1A-4256-87B3-52E3A95F9B0B}.Production|Any CPU.Build.0 = Production|Any CPU
		{0EA93221-3F1A-4256-87B3-52E3A95F9B0B}.Release|Any CPU.ActiveCfg = Release|Any CPU
		{0EA93221-3F1A-4256-87B3-52E3A95F9B0B}.Release|Any CPU.Build.0 = Release|Any CPU
		{018F18E9-CE2C-4E7D-BF73-21988CDA8F80}.Accept|Any CPU.ActiveCfg = Accept|Any CPU
		{018F18E9-CE2C-4E7D-BF73-21988CDA8F80}.Accept|Any CPU.Build.0 = Accept|Any CPU
		{018F18E9-CE2C-4E7D-BF73-21988CDA8F80}.Debug|Any CPU.ActiveCfg = Debug|Any CPU
		{018F18E9-CE2C-4E7D-BF73-21988CDA8F80}.Debug|Any CPU.Build.0 = Debug|Any CPU
		{018F18E9-CE2C-4E7D-BF73-21988CDA8F80}.Production|Any CPU.ActiveCfg = Production|Any CPU
		{018F18E9-CE2C-4E7D-BF73-21988CDA8F80}.Production|Any CPU.Build.0 = Production|Any CPU
		{018F18E9-CE2C-4E7D-BF73-21988CDA8F80}.Release|Any CPU.ActiveCfg = Release|Any CPU
		{018F18E9-CE2C-4E7D-BF73-21988CDA8F80}.Release|Any CPU.Build.0 = Release|Any CPU
		{27FE0578-C96A-4AAF-BC2D-ADA5A998F556}.Accept|Any CPU.ActiveCfg = Accept|Any CPU
		{27FE0578-C96A-4AAF-BC2D-ADA5A998F556}.Accept|Any CPU.Build.0 = Accept|Any CPU
		{27FE0578-C96A-4AAF-BC2D-ADA5A998F556}.Debug|Any CPU.ActiveCfg = Debug|Any CPU
		{27FE0578-C96A-4AAF-BC2D-ADA5A998F556}.Debug|Any CPU.Build.0 = Debug|Any CPU
		{27FE0578-C96A-4AAF-BC2D-ADA5A998F556}.Production|Any CPU.ActiveCfg = Production|Any CPU
		{27FE0578-C96A-4AAF-BC2D-ADA5A998F556}.Production|Any CPU.Build.0 = Production|Any CPU
		{27FE0578-C96A-4AAF-BC2D-ADA5A998F556}.Release|Any CPU.ActiveCfg = Release|Any CPU
		{27FE0578-C96A-4AAF-BC2D-ADA5A998F556}.Release|Any CPU.Build.0 = Release|Any CPU
		{B0A9D3FD-CF99-4551-9BC6-15E447670EFD}.Accept|Any CPU.ActiveCfg = Accept|Any CPU
		{B0A9D3FD-CF99-4551-9BC6-15E447670EFD}.Accept|Any CPU.Build.0 = Accept|Any CPU
		{B0A9D3FD-CF99-4551-9BC6-15E447670EFD}.Debug|Any CPU.ActiveCfg = Debug|Any CPU
		{B0A9D3FD-CF99-4551-9BC6-15E447670EFD}.Debug|Any CPU.Build.0 = Debug|Any CPU
		{B0A9D3FD-CF99-4551-9BC6-15E447670EFD}.Production|Any CPU.ActiveCfg = Production|Any CPU
		{B0A9D3FD-CF99-4551-9BC6-15E447670EFD}.Production|Any CPU.Build.0 = Production|Any CPU
		{B0A9D3FD-CF99-4551-9BC6-15E447670EFD}.Release|Any CPU.ActiveCfg = Release|Any CPU
		{B0A9D3FD-CF99-4551-9BC6-15E447670EFD}.Release|Any CPU.Build.0 = Release|Any CPU
		{B4DF0C79-0C3D-42D1-8775-92A9ADF34E06}.Accept|Any CPU.ActiveCfg = Accept|Any CPU
		{B4DF0C79-0C3D-42D1-8775-92A9ADF34E06}.Accept|Any CPU.Build.0 = Accept|Any CPU
		{B4DF0C79-0C3D-42D1-8775-92A9ADF34E06}.Debug|Any CPU.ActiveCfg = Debug|Any CPU
		{B4DF0C79-0C3D-42D1-8775-92A9ADF34E06}.Debug|Any CPU.Build.0 = Debug|Any CPU
		{B4DF0C79-0C3D-42D1-8775-92A9ADF34E06}.Production|Any CPU.ActiveCfg = Production|Any CPU
		{B4DF0C79-0C3D-42D1-8775-92A9ADF34E06}.Production|Any CPU.Build.0 = Production|Any CPU
		{B4DF0C79-0C3D-42D1-8775-92A9ADF34E06}.Release|Any CPU.ActiveCfg = Release|Any CPU
		{B4DF0C79-0C3D-42D1-8775-92A9ADF34E06}.Release|Any CPU.Build.0 = Release|Any CPU
		{43D0F344-72D7-4F97-8763-04039E7FDBC1}.Accept|Any CPU.ActiveCfg = Accept|Any CPU
		{43D0F344-72D7-4F97-8763-04039E7FDBC1}.Accept|Any CPU.Build.0 = Accept|Any CPU
		{43D0F344-72D7-4F97-8763-04039E7FDBC1}.Debug|Any CPU.ActiveCfg = Debug|Any CPU
		{43D0F344-72D7-4F97-8763-04039E7FDBC1}.Debug|Any CPU.Build.0 = Debug|Any CPU
		{43D0F344-72D7-4F97-8763-04039E7FDBC1}.Production|Any CPU.ActiveCfg = Production|Any CPU
		{43D0F344-72D7-4F97-8763-04039E7FDBC1}.Production|Any CPU.Build.0 = Production|Any CPU
		{43D0F344-72D7-4F97-8763-04039E7FDBC1}.Release|Any CPU.ActiveCfg = Release|Any CPU
		{43D0F344-72D7-4F97-8763-04039E7FDBC1}.Release|Any CPU.Build.0 = Release|Any CPU
		{D59FACE2-7913-4DD8-86D1-DBB05DC83BF9}.Accept|Any CPU.ActiveCfg = Accept|Any CPU
		{D59FACE2-7913-4DD8-86D1-DBB05DC83BF9}.Accept|Any CPU.Build.0 = Accept|Any CPU
		{D59FACE2-7913-4DD8-86D1-DBB05DC83BF9}.Debug|Any CPU.ActiveCfg = Debug|Any CPU
		{D59FACE2-7913-4DD8-86D1-DBB05DC83BF9}.Debug|Any CPU.Build.0 = Debug|Any CPU
		{D59FACE2-7913-4DD8-86D1-DBB05DC83BF9}.Production|Any CPU.ActiveCfg = Production|Any CPU
		{D59FACE2-7913-4DD8-86D1-DBB05DC83BF9}.Production|Any CPU.Build.0 = Production|Any CPU
		{D59FACE2-7913-4DD8-86D1-DBB05DC83BF9}.Release|Any CPU.ActiveCfg = Release|Any CPU
		{D59FACE2-7913-4DD8-86D1-DBB05DC83BF9}.Release|Any CPU.Build.0 = Release|Any CPU
		{37F81235-C234-4783-8D44-48E64AEE2A4D}.Accept|Any CPU.ActiveCfg = Accept|Any CPU
		{37F81235-C234-4783-8D44-48E64AEE2A4D}.Accept|Any CPU.Build.0 = Accept|Any CPU
		{37F81235-C234-4783-8D44-48E64AEE2A4D}.Debug|Any CPU.ActiveCfg = Debug|Any CPU
		{37F81235-C234-4783-8D44-48E64AEE2A4D}.Debug|Any CPU.Build.0 = Debug|Any CPU
		{37F81235-C234-4783-8D44-48E64AEE2A4D}.Production|Any CPU.ActiveCfg = Production|Any CPU
		{37F81235-C234-4783-8D44-48E64AEE2A4D}.Production|Any CPU.Build.0 = Production|Any CPU
		{37F81235-C234-4783-8D44-48E64AEE2A4D}.Release|Any CPU.ActiveCfg = Release|Any CPU
		{37F81235-C234-4783-8D44-48E64AEE2A4D}.Release|Any CPU.Build.0 = Release|Any CPU
		{BCF6AB03-F367-4CB6-B191-6526CF9817E2}.Accept|Any CPU.ActiveCfg = Accept|Any CPU
		{BCF6AB03-F367-4CB6-B191-6526CF9817E2}.Accept|Any CPU.Build.0 = Accept|Any CPU
		{BCF6AB03-F367-4CB6-B191-6526CF9817E2}.Debug|Any CPU.ActiveCfg = Debug|Any CPU
		{BCF6AB03-F367-4CB6-B191-6526CF9817E2}.Debug|Any CPU.Build.0 = Debug|Any CPU
		{BCF6AB03-F367-4CB6-B191-6526CF9817E2}.Production|Any CPU.ActiveCfg = Production|Any CPU
		{BCF6AB03-F367-4CB6-B191-6526CF9817E2}.Production|Any CPU.Build.0 = Production|Any CPU
		{BCF6AB03-F367-4CB6-B191-6526CF9817E2}.Release|Any CPU.ActiveCfg = Release|Any CPU
		{BCF6AB03-F367-4CB6-B191-6526CF9817E2}.Release|Any CPU.Build.0 = Release|Any CPU
		{22561A23-1585-4A64-B9D2-B53EABDAB5EF}.Accept|Any CPU.ActiveCfg = Accept|Any CPU
		{22561A23-1585-4A64-B9D2-B53EABDAB5EF}.Accept|Any CPU.Build.0 = Accept|Any CPU
		{22561A23-1585-4A64-B9D2-B53EABDAB5EF}.Debug|Any CPU.ActiveCfg = Debug|Any CPU
		{22561A23-1585-4A64-B9D2-B53EABDAB5EF}.Debug|Any CPU.Build.0 = Debug|Any CPU
		{22561A23-1585-4A64-B9D2-B53EABDAB5EF}.Production|Any CPU.ActiveCfg = Production|Any CPU
		{22561A23-1585-4A64-B9D2-B53EABDAB5EF}.Production|Any CPU.Build.0 = Production|Any CPU
		{22561A23-1585-4A64-B9D2-B53EABDAB5EF}.Release|Any CPU.ActiveCfg = Release|Any CPU
		{22561A23-1585-4A64-B9D2-B53EABDAB5EF}.Release|Any CPU.Build.0 = Release|Any CPU
		{B55C4EB3-6455-4C8F-BA2D-054BA3DF2C18}.Accept|Any CPU.ActiveCfg = Accept|Any CPU
		{B55C4EB3-6455-4C8F-BA2D-054BA3DF2C18}.Accept|Any CPU.Build.0 = Accept|Any CPU
		{B55C4EB3-6455-4C8F-BA2D-054BA3DF2C18}.Debug|Any CPU.ActiveCfg = Debug|Any CPU
		{B55C4EB3-6455-4C8F-BA2D-054BA3DF2C18}.Debug|Any CPU.Build.0 = Debug|Any CPU
		{B55C4EB3-6455-4C8F-BA2D-054BA3DF2C18}.Production|Any CPU.ActiveCfg = Production|Any CPU
		{B55C4EB3-6455-4C8F-BA2D-054BA3DF2C18}.Production|Any CPU.Build.0 = Production|Any CPU
		{B55C4EB3-6455-4C8F-BA2D-054BA3DF2C18}.Release|Any CPU.ActiveCfg = Release|Any CPU
		{B55C4EB3-6455-4C8F-BA2D-054BA3DF2C18}.Release|Any CPU.Build.0 = Release|Any CPU
		{8A7E6F8E-A484-4B6E-BB2F-609C09B26204}.Accept|Any CPU.ActiveCfg = Accept|Any CPU
		{8A7E6F8E-A484-4B6E-BB2F-609C09B26204}.Accept|Any CPU.Build.0 = Accept|Any CPU
		{8A7E6F8E-A484-4B6E-BB2F-609C09B26204}.Debug|Any CPU.ActiveCfg = Debug|Any CPU
		{8A7E6F8E-A484-4B6E-BB2F-609C09B26204}.Debug|Any CPU.Build.0 = Debug|Any CPU
		{8A7E6F8E-A484-4B6E-BB2F-609C09B26204}.Production|Any CPU.ActiveCfg = Production|Any CPU
		{8A7E6F8E-A484-4B6E-BB2F-609C09B26204}.Production|Any CPU.Build.0 = Production|Any CPU
		{8A7E6F8E-A484-4B6E-BB2F-609C09B26204}.Release|Any CPU.ActiveCfg = Release|Any CPU
		{8A7E6F8E-A484-4B6E-BB2F-609C09B26204}.Release|Any CPU.Build.0 = Release|Any CPU
		{F290F006-EBB4-4CB5-803C-1D6B5A8FEF03}.Accept|Any CPU.ActiveCfg = Accept|Any CPU
		{F290F006-EBB4-4CB5-803C-1D6B5A8FEF03}.Accept|Any CPU.Build.0 = Accept|Any CPU
		{F290F006-EBB4-4CB5-803C-1D6B5A8FEF03}.Debug|Any CPU.ActiveCfg = Debug|Any CPU
		{F290F006-EBB4-4CB5-803C-1D6B5A8FEF03}.Debug|Any CPU.Build.0 = Debug|Any CPU
		{F290F006-EBB4-4CB5-803C-1D6B5A8FEF03}.Production|Any CPU.ActiveCfg = Production|Any CPU
		{F290F006-EBB4-4CB5-803C-1D6B5A8FEF03}.Production|Any CPU.Build.0 = Production|Any CPU
		{F290F006-EBB4-4CB5-803C-1D6B5A8FEF03}.Release|Any CPU.ActiveCfg = Release|Any CPU
		{F290F006-EBB4-4CB5-803C-1D6B5A8FEF03}.Release|Any CPU.Build.0 = Release|Any CPU
		{D277BA9C-7EB6-4E98-93A4-29D3036890DF}.Accept|Any CPU.ActiveCfg = Accept|Any CPU
		{D277BA9C-7EB6-4E98-93A4-29D3036890DF}.Accept|Any CPU.Build.0 = Accept|Any CPU
		{D277BA9C-7EB6-4E98-93A4-29D3036890DF}.Debug|Any CPU.ActiveCfg = Debug|Any CPU
		{D277BA9C-7EB6-4E98-93A4-29D3036890DF}.Debug|Any CPU.Build.0 = Debug|Any CPU
		{D277BA9C-7EB6-4E98-93A4-29D3036890DF}.Production|Any CPU.ActiveCfg = Production|Any CPU
		{D277BA9C-7EB6-4E98-93A4-29D3036890DF}.Production|Any CPU.Build.0 = Production|Any CPU
		{D277BA9C-7EB6-4E98-93A4-29D3036890DF}.Release|Any CPU.ActiveCfg = Release|Any CPU
		{D277BA9C-7EB6-4E98-93A4-29D3036890DF}.Release|Any CPU.Build.0 = Release|Any CPU
		{B16C7598-51B6-4B80-B120-41A73C6A3C23}.Accept|Any CPU.ActiveCfg = Accept|Any CPU
		{B16C7598-51B6-4B80-B120-41A73C6A3C23}.Accept|Any CPU.Build.0 = Accept|Any CPU
		{B16C7598-51B6-4B80-B120-41A73C6A3C23}.Debug|Any CPU.ActiveCfg = Debug|Any CPU
		{B16C7598-51B6-4B80-B120-41A73C6A3C23}.Debug|Any CPU.Build.0 = Debug|Any CPU
		{B16C7598-51B6-4B80-B120-41A73C6A3C23}.Production|Any CPU.ActiveCfg = Production|Any CPU
		{B16C7598-51B6-4B80-B120-41A73C6A3C23}.Production|Any CPU.Build.0 = Production|Any CPU
		{B16C7598-51B6-4B80-B120-41A73C6A3C23}.Release|Any CPU.ActiveCfg = Release|Any CPU
		{B16C7598-51B6-4B80-B120-41A73C6A3C23}.Release|Any CPU.Build.0 = Release|Any CPU
		{B8D20EE5-6772-46E0-B863-9D0A33B29516}.Accept|Any CPU.ActiveCfg = Accept|Any CPU
		{B8D20EE5-6772-46E0-B863-9D0A33B29516}.Accept|Any CPU.Build.0 = Accept|Any CPU
		{B8D20EE5-6772-46E0-B863-9D0A33B29516}.Debug|Any CPU.ActiveCfg = Debug|Any CPU
		{B8D20EE5-6772-46E0-B863-9D0A33B29516}.Debug|Any CPU.Build.0 = Debug|Any CPU
		{B8D20EE5-6772-46E0-B863-9D0A33B29516}.Production|Any CPU.ActiveCfg = Production|Any CPU
		{B8D20EE5-6772-46E0-B863-9D0A33B29516}.Production|Any CPU.Build.0 = Production|Any CPU
		{B8D20EE5-6772-46E0-B863-9D0A33B29516}.Release|Any CPU.ActiveCfg = Release|Any CPU
		{B8D20EE5-6772-46E0-B863-9D0A33B29516}.Release|Any CPU.Build.0 = Release|Any CPU
		{8CAFE4DF-87CE-4C35-A55F-6134995CB6C7}.Accept|Any CPU.ActiveCfg = Accept|Any CPU
		{8CAFE4DF-87CE-4C35-A55F-6134995CB6C7}.Accept|Any CPU.Build.0 = Accept|Any CPU
		{8CAFE4DF-87CE-4C35-A55F-6134995CB6C7}.Debug|Any CPU.ActiveCfg = Debug|Any CPU
		{8CAFE4DF-87CE-4C35-A55F-6134995CB6C7}.Debug|Any CPU.Build.0 = Debug|Any CPU
		{8CAFE4DF-87CE-4C35-A55F-6134995CB6C7}.Production|Any CPU.ActiveCfg = Production|Any CPU
		{8CAFE4DF-87CE-4C35-A55F-6134995CB6C7}.Production|Any CPU.Build.0 = Production|Any CPU
		{8CAFE4DF-87CE-4C35-A55F-6134995CB6C7}.Release|Any CPU.ActiveCfg = Release|Any CPU
		{8CAFE4DF-87CE-4C35-A55F-6134995CB6C7}.Release|Any CPU.Build.0 = Release|Any CPU
		{4919F928-972E-4018-99F0-8AFCE88BD9A1}.Accept|Any CPU.ActiveCfg = Accept|Any CPU
		{4919F928-972E-4018-99F0-8AFCE88BD9A1}.Accept|Any CPU.Build.0 = Accept|Any CPU
		{4919F928-972E-4018-99F0-8AFCE88BD9A1}.Debug|Any CPU.ActiveCfg = Debug|Any CPU
		{4919F928-972E-4018-99F0-8AFCE88BD9A1}.Debug|Any CPU.Build.0 = Debug|Any CPU
		{4919F928-972E-4018-99F0-8AFCE88BD9A1}.Production|Any CPU.ActiveCfg = Production|Any CPU
		{4919F928-972E-4018-99F0-8AFCE88BD9A1}.Production|Any CPU.Build.0 = Production|Any CPU
		{4919F928-972E-4018-99F0-8AFCE88BD9A1}.Release|Any CPU.ActiveCfg = Release|Any CPU
		{4919F928-972E-4018-99F0-8AFCE88BD9A1}.Release|Any CPU.Build.0 = Release|Any CPU
		{5ADC74BE-7553-4F2E-ADEA-E68399D3E32C}.Accept|Any CPU.ActiveCfg = Accept|Any CPU
		{5ADC74BE-7553-4F2E-ADEA-E68399D3E32C}.Accept|Any CPU.Build.0 = Accept|Any CPU
		{5ADC74BE-7553-4F2E-ADEA-E68399D3E32C}.Debug|Any CPU.ActiveCfg = Debug|Any CPU
		{5ADC74BE-7553-4F2E-ADEA-E68399D3E32C}.Debug|Any CPU.Build.0 = Debug|Any CPU
		{5ADC74BE-7553-4F2E-ADEA-E68399D3E32C}.Production|Any CPU.ActiveCfg = Production|Any CPU
		{5ADC74BE-7553-4F2E-ADEA-E68399D3E32C}.Production|Any CPU.Build.0 = Production|Any CPU
		{5ADC74BE-7553-4F2E-ADEA-E68399D3E32C}.Release|Any CPU.ActiveCfg = Release|Any CPU
		{5ADC74BE-7553-4F2E-ADEA-E68399D3E32C}.Release|Any CPU.Build.0 = Release|Any CPU
		{60DC49BF-ACB6-41C2-AFCB-F4495D2D24E5}.Accept|Any CPU.ActiveCfg = Accept|Any CPU
		{60DC49BF-ACB6-41C2-AFCB-F4495D2D24E5}.Accept|Any CPU.Build.0 = Accept|Any CPU
		{60DC49BF-ACB6-41C2-AFCB-F4495D2D24E5}.Debug|Any CPU.ActiveCfg = Debug|Any CPU
		{60DC49BF-ACB6-41C2-AFCB-F4495D2D24E5}.Debug|Any CPU.Build.0 = Debug|Any CPU
		{60DC49BF-ACB6-41C2-AFCB-F4495D2D24E5}.Production|Any CPU.ActiveCfg = Production|Any CPU
		{60DC49BF-ACB6-41C2-AFCB-F4495D2D24E5}.Production|Any CPU.Build.0 = Production|Any CPU
		{60DC49BF-ACB6-41C2-AFCB-F4495D2D24E5}.Release|Any CPU.ActiveCfg = Release|Any CPU
		{60DC49BF-ACB6-41C2-AFCB-F4495D2D24E5}.Release|Any CPU.Build.0 = Release|Any CPU
		{0FEC0E14-EE11-4E4D-AD20-9D75902D2096}.Accept|Any CPU.ActiveCfg = Accept|Any CPU
		{0FEC0E14-EE11-4E4D-AD20-9D75902D2096}.Accept|Any CPU.Build.0 = Accept|Any CPU
		{0FEC0E14-EE11-4E4D-AD20-9D75902D2096}.Debug|Any CPU.ActiveCfg = Debug|Any CPU
		{0FEC0E14-EE11-4E4D-AD20-9D75902D2096}.Debug|Any CPU.Build.0 = Debug|Any CPU
		{0FEC0E14-EE11-4E4D-AD20-9D75902D2096}.Production|Any CPU.ActiveCfg = Production|Any CPU
		{0FEC0E14-EE11-4E4D-AD20-9D75902D2096}.Production|Any CPU.Build.0 = Production|Any CPU
		{0FEC0E14-EE11-4E4D-AD20-9D75902D2096}.Release|Any CPU.ActiveCfg = Release|Any CPU
		{0FEC0E14-EE11-4E4D-AD20-9D75902D2096}.Release|Any CPU.Build.0 = Release|Any CPU
		{A727E5C0-FFD0-4A12-A0C6-7ACD2D1B44DA}.Accept|Any CPU.ActiveCfg = Accept|Any CPU
		{A727E5C0-FFD0-4A12-A0C6-7ACD2D1B44DA}.Accept|Any CPU.Build.0 = Accept|Any CPU
		{A727E5C0-FFD0-4A12-A0C6-7ACD2D1B44DA}.Debug|Any CPU.ActiveCfg = Debug|Any CPU
		{A727E5C0-FFD0-4A12-A0C6-7ACD2D1B44DA}.Debug|Any CPU.Build.0 = Debug|Any CPU
		{A727E5C0-FFD0-4A12-A0C6-7ACD2D1B44DA}.Production|Any CPU.ActiveCfg = Production|Any CPU
		{A727E5C0-FFD0-4A12-A0C6-7ACD2D1B44DA}.Production|Any CPU.Build.0 = Production|Any CPU
		{A727E5C0-FFD0-4A12-A0C6-7ACD2D1B44DA}.Release|Any CPU.ActiveCfg = Release|Any CPU
		{A727E5C0-FFD0-4A12-A0C6-7ACD2D1B44DA}.Release|Any CPU.Build.0 = Release|Any CPU
		{65E5DC67-E0C1-403D-9E1B-2FDB8E1EC94D}.Accept|Any CPU.ActiveCfg = Release|Any CPU
		{65E5DC67-E0C1-403D-9E1B-2FDB8E1EC94D}.Accept|Any CPU.Build.0 = Release|Any CPU
		{65E5DC67-E0C1-403D-9E1B-2FDB8E1EC94D}.Debug|Any CPU.ActiveCfg = Debug|Any CPU
		{65E5DC67-E0C1-403D-9E1B-2FDB8E1EC94D}.Debug|Any CPU.Build.0 = Debug|Any CPU
		{65E5DC67-E0C1-403D-9E1B-2FDB8E1EC94D}.Production|Any CPU.ActiveCfg = Release|Any CPU
		{65E5DC67-E0C1-403D-9E1B-2FDB8E1EC94D}.Production|Any CPU.Build.0 = Release|Any CPU
		{65E5DC67-E0C1-403D-9E1B-2FDB8E1EC94D}.Release|Any CPU.ActiveCfg = Release|Any CPU
		{65E5DC67-E0C1-403D-9E1B-2FDB8E1EC94D}.Release|Any CPU.Build.0 = Release|Any CPU
		{5E53A139-A8D4-42A2-9D79-D474837CF311}.Accept|Any CPU.ActiveCfg = Release|Any CPU
		{5E53A139-A8D4-42A2-9D79-D474837CF311}.Accept|Any CPU.Build.0 = Release|Any CPU
		{5E53A139-A8D4-42A2-9D79-D474837CF311}.Debug|Any CPU.ActiveCfg = Debug|Any CPU
		{5E53A139-A8D4-42A2-9D79-D474837CF311}.Debug|Any CPU.Build.0 = Debug|Any CPU
		{5E53A139-A8D4-42A2-9D79-D474837CF311}.Production|Any CPU.ActiveCfg = Release|Any CPU
		{5E53A139-A8D4-42A2-9D79-D474837CF311}.Production|Any CPU.Build.0 = Release|Any CPU
		{5E53A139-A8D4-42A2-9D79-D474837CF311}.Release|Any CPU.ActiveCfg = Release|Any CPU
		{5E53A139-A8D4-42A2-9D79-D474837CF311}.Release|Any CPU.Build.0 = Release|Any CPU
		{7AE3A720-B073-4941-8453-58EF217D8835}.Accept|Any CPU.ActiveCfg = Release|Any CPU
		{7AE3A720-B073-4941-8453-58EF217D8835}.Accept|Any CPU.Build.0 = Release|Any CPU
		{7AE3A720-B073-4941-8453-58EF217D8835}.Debug|Any CPU.ActiveCfg = Debug|Any CPU
		{7AE3A720-B073-4941-8453-58EF217D8835}.Debug|Any CPU.Build.0 = Debug|Any CPU
		{7AE3A720-B073-4941-8453-58EF217D8835}.Production|Any CPU.ActiveCfg = Release|Any CPU
		{7AE3A720-B073-4941-8453-58EF217D8835}.Production|Any CPU.Build.0 = Release|Any CPU
		{7AE3A720-B073-4941-8453-58EF217D8835}.Release|Any CPU.ActiveCfg = Release|Any CPU
		{7AE3A720-B073-4941-8453-58EF217D8835}.Release|Any CPU.Build.0 = Release|Any CPU
		{541079E6-3C7C-42EA-ABAE-843940A2D3FE}.Accept|Any CPU.ActiveCfg = Release|Any CPU
		{541079E6-3C7C-42EA-ABAE-843940A2D3FE}.Accept|Any CPU.Build.0 = Release|Any CPU
		{541079E6-3C7C-42EA-ABAE-843940A2D3FE}.Debug|Any CPU.ActiveCfg = Debug|Any CPU
		{541079E6-3C7C-42EA-ABAE-843940A2D3FE}.Debug|Any CPU.Build.0 = Debug|Any CPU
		{541079E6-3C7C-42EA-ABAE-843940A2D3FE}.Production|Any CPU.ActiveCfg = Release|Any CPU
		{541079E6-3C7C-42EA-ABAE-843940A2D3FE}.Production|Any CPU.Build.0 = Release|Any CPU
		{541079E6-3C7C-42EA-ABAE-843940A2D3FE}.Release|Any CPU.ActiveCfg = Release|Any CPU
		{541079E6-3C7C-42EA-ABAE-843940A2D3FE}.Release|Any CPU.Build.0 = Release|Any CPU
		{083530BF-A9F1-487B-A577-FF414D3D2BAD}.Accept|Any CPU.ActiveCfg = Debug|Any CPU
		{083530BF-A9F1-487B-A577-FF414D3D2BAD}.Accept|Any CPU.Build.0 = Debug|Any CPU
		{083530BF-A9F1-487B-A577-FF414D3D2BAD}.Debug|Any CPU.ActiveCfg = Debug|Any CPU
		{083530BF-A9F1-487B-A577-FF414D3D2BAD}.Debug|Any CPU.Build.0 = Debug|Any CPU
		{083530BF-A9F1-487B-A577-FF414D3D2BAD}.Production|Any CPU.ActiveCfg = Debug|Any CPU
		{083530BF-A9F1-487B-A577-FF414D3D2BAD}.Production|Any CPU.Build.0 = Debug|Any CPU
		{083530BF-A9F1-487B-A577-FF414D3D2BAD}.Release|Any CPU.ActiveCfg = Release|Any CPU
		{083530BF-A9F1-487B-A577-FF414D3D2BAD}.Release|Any CPU.Build.0 = Release|Any CPU
	EndGlobalSection
	GlobalSection(SolutionProperties) = preSolution
		HideSolutionNode = FALSE
	EndGlobalSection
	GlobalSection(NestedProjects) = preSolution
		{81E5B857-640F-4609-BCBF-8C03702180B6} = {54F1A1A6-0FE6-4504-AA0D-23F0BAE19964}
		{BD1B1F78-E960-474C-A15B-8BA4EA821680} = {54F1A1A6-0FE6-4504-AA0D-23F0BAE19964}
		{AD1369EA-3281-47FC-A746-B3EAEE4C1A2B} = {54F1A1A6-0FE6-4504-AA0D-23F0BAE19964}
		{904E5F70-FFA5-4030-8F23-D27E977C17E5} = {D7BF5C11-F319-4A4B-A108-3D502238E2FB}
		{C96CA5CB-C805-4061-BE2C-246209F738EE} = {D7BF5C11-F319-4A4B-A108-3D502238E2FB}
		{E7AC9602-7ADE-41C3-B0E9-C00376C6B2E7} = {D7BF5C11-F319-4A4B-A108-3D502238E2FB}
		{FDB6B6B3-53CF-457A-ADD5-CD0504C6E298} = {EFFF7454-DF61-407A-9106-C031564BC9A1}
		{9D61E4D5-808A-486A-958F-B6D53E3A9771} = {EFFF7454-DF61-407A-9106-C031564BC9A1}
		{3E1B00B3-411C-4538-85D8-86128B05F8CB} = {EFFF7454-DF61-407A-9106-C031564BC9A1}
		{0ED7DC0A-59EA-49D5-A83E-1723A9DC24B0} = {EFFF7454-DF61-407A-9106-C031564BC9A1}
		{4887730F-B311-4D63-826E-95D0E3ED0A89} = {EFFF7454-DF61-407A-9106-C031564BC9A1}
		{CFDA862B-B98B-4058-B5F4-C60E42B44ADE} = {EFFF7454-DF61-407A-9106-C031564BC9A1}
		{E2AA6A02-E0F9-4494-BC04-610103AFE5BE} = {EFFF7454-DF61-407A-9106-C031564BC9A1}
		{E0EFC39E-CC62-48E5-A7B8-F6EB9FD40E6F} = {EFFF7454-DF61-407A-9106-C031564BC9A1}
		{DC662CEF-16E1-4FCC-9857-4FD38DF9539A} = {EFFF7454-DF61-407A-9106-C031564BC9A1}
		{CA9157A6-3DE8-4846-B0F5-DA7F5425A1D9} = {EFFF7454-DF61-407A-9106-C031564BC9A1}
		{96614DFD-EF90-4552-967F-F682EA2FBD7D} = {EFFF7454-DF61-407A-9106-C031564BC9A1}
		{3A51724B-36C3-4670-B482-183887E8ABE3} = {EFFF7454-DF61-407A-9106-C031564BC9A1}
		{4BC516DD-8163-4068-8612-8C9DBC77E0AC} = {EFFF7454-DF61-407A-9106-C031564BC9A1}
		{378EA1F6-3952-48E2-A648-ACFA4F77C9E5} = {EFFF7454-DF61-407A-9106-C031564BC9A1}
		{34E77A39-8AC4-4FD7-831D-1B7EE9394425} = {EFFF7454-DF61-407A-9106-C031564BC9A1}
		{62E9BF32-75A5-4624-BDF6-BC9D8E24A96D} = {EFFF7454-DF61-407A-9106-C031564BC9A1}
		{6C119DCC-646E-4E91-B8B3-078500FE6B38} = {EFFF7454-DF61-407A-9106-C031564BC9A1}
		{A1AD976B-57FE-43AB-A10F-E6DF3914B594} = {EFFF7454-DF61-407A-9106-C031564BC9A1}
		{3D4888B2-356F-45BB-A314-01851818C170} = {EFFF7454-DF61-407A-9106-C031564BC9A1}
		{69187D81-14ED-49DF-AAB4-90C9AA417659} = {EFFF7454-DF61-407A-9106-C031564BC9A1}
		{9BBEA49F-CC46-4C50-8215-7DC7DE28BD66} = {EFFF7454-DF61-407A-9106-C031564BC9A1}
		{6B8BD1AE-3081-4BF3-89CA-63C15259EDB9} = {EFFF7454-DF61-407A-9106-C031564BC9A1}
		{439D90B5-F5A5-4E68-BC23-6307ED539F48} = {EFFF7454-DF61-407A-9106-C031564BC9A1}
		{A95BC58E-E3A6-47CA-90D7-F200F6671958} = {EFFF7454-DF61-407A-9106-C031564BC9A1}
		{F14AA085-4093-46E7-ABCC-4627F441177F} = {EFFF7454-DF61-407A-9106-C031564BC9A1}
		{CD730ECC-29D1-4A12-B83F-6F0E933F5D5F} = {EFFF7454-DF61-407A-9106-C031564BC9A1}
		{3815636A-45E4-40A7-B466-6D0F655D0254} = {EFFF7454-DF61-407A-9106-C031564BC9A1}
		{8A3B353A-8FE6-4DDE-B738-E397DF128B5D} = {EFFF7454-DF61-407A-9106-C031564BC9A1}
		{B557587C-DEB5-45EE-B14A-886DBE185D16} = {EFFF7454-DF61-407A-9106-C031564BC9A1}
		{BDACF3DC-ECB0-4A8B-A0C9-22152E58C4B3} = {EFFF7454-DF61-407A-9106-C031564BC9A1}
		{6B21BC98-5137-4EFB-9623-158100C89288} = {EFFF7454-DF61-407A-9106-C031564BC9A1}
		{A4611B04-0575-439B-9753-7572271EDF77} = {EFFF7454-DF61-407A-9106-C031564BC9A1}
		{FA775BC1-48C9-435F-8549-076A58ABFE89} = {EFFF7454-DF61-407A-9106-C031564BC9A1}
		{6E75701B-A44D-48F2-972D-096D32705D15} = {EFFF7454-DF61-407A-9106-C031564BC9A1}
		{968B6690-9F05-44F9-883E-5A904F27618F} = {EFFF7454-DF61-407A-9106-C031564BC9A1}
		{E2AA3708-C185-43AC-B16E-3DD07BB6D94A} = {EFFF7454-DF61-407A-9106-C031564BC9A1}
		{434A254B-3AC6-41B0-8ABA-23290EB2F343} = {EFFF7454-DF61-407A-9106-C031564BC9A1}
		{21315BE3-A5B4-458A-89B7-288EB470D70E} = {EFFF7454-DF61-407A-9106-C031564BC9A1}
		{A50ED017-669F-4FD3-91CD-51AD9F11DD8C} = {EFFF7454-DF61-407A-9106-C031564BC9A1}
		{46D4204E-5C1F-4E0A-9AC7-FBD9BFA9921A} = {EFFF7454-DF61-407A-9106-C031564BC9A1}
		{F61A9911-E756-4CD0-AB88-7682B885E6D9} = {EFFF7454-DF61-407A-9106-C031564BC9A1}
		{08F46C35-8562-47C4-BC59-E04A1EB4A76C} = {EFFF7454-DF61-407A-9106-C031564BC9A1}
		{0EA93221-3F1A-4256-87B3-52E3A95F9B0B} = {EFFF7454-DF61-407A-9106-C031564BC9A1}
		{018F18E9-CE2C-4E7D-BF73-21988CDA8F80} = {EFFF7454-DF61-407A-9106-C031564BC9A1}
		{27FE0578-C96A-4AAF-BC2D-ADA5A998F556} = {EFFF7454-DF61-407A-9106-C031564BC9A1}
		{B0A9D3FD-CF99-4551-9BC6-15E447670EFD} = {EFFF7454-DF61-407A-9106-C031564BC9A1}
		{43D0F344-72D7-4F97-8763-04039E7FDBC1} = {EFFF7454-DF61-407A-9106-C031564BC9A1}
		{D59FACE2-7913-4DD8-86D1-DBB05DC83BF9} = {1AF831A0-8A9D-4D86-A5C1-A19FFB4B0FB7}
		{37F81235-C234-4783-8D44-48E64AEE2A4D} = {1AF831A0-8A9D-4D86-A5C1-A19FFB4B0FB7}
		{BCF6AB03-F367-4CB6-B191-6526CF9817E2} = {1AF831A0-8A9D-4D86-A5C1-A19FFB4B0FB7}
		{22561A23-1585-4A64-B9D2-B53EABDAB5EF} = {1AF831A0-8A9D-4D86-A5C1-A19FFB4B0FB7}
		{B55C4EB3-6455-4C8F-BA2D-054BA3DF2C18} = {1AF831A0-8A9D-4D86-A5C1-A19FFB4B0FB7}
		{8A7E6F8E-A484-4B6E-BB2F-609C09B26204} = {1AF831A0-8A9D-4D86-A5C1-A19FFB4B0FB7}
		{F290F006-EBB4-4CB5-803C-1D6B5A8FEF03} = {1AF831A0-8A9D-4D86-A5C1-A19FFB4B0FB7}
		{D277BA9C-7EB6-4E98-93A4-29D3036890DF} = {1AF831A0-8A9D-4D86-A5C1-A19FFB4B0FB7}
		{B16C7598-51B6-4B80-B120-41A73C6A3C23} = {1AF831A0-8A9D-4D86-A5C1-A19FFB4B0FB7}
		{B8D20EE5-6772-46E0-B863-9D0A33B29516} = {1AF831A0-8A9D-4D86-A5C1-A19FFB4B0FB7}
		{8CAFE4DF-87CE-4C35-A55F-6134995CB6C7} = {1AF831A0-8A9D-4D86-A5C1-A19FFB4B0FB7}
		{4919F928-972E-4018-99F0-8AFCE88BD9A1} = {D7BF5C11-F319-4A4B-A108-3D502238E2FB}
		{5ADC74BE-7553-4F2E-ADEA-E68399D3E32C} = {EFFF7454-DF61-407A-9106-C031564BC9A1}
		{60DC49BF-ACB6-41C2-AFCB-F4495D2D24E5} = {1AF831A0-8A9D-4D86-A5C1-A19FFB4B0FB7}
		{0FEC0E14-EE11-4E4D-AD20-9D75902D2096} = {1AF831A0-8A9D-4D86-A5C1-A19FFB4B0FB7}
		{A727E5C0-FFD0-4A12-A0C6-7ACD2D1B44DA} = {EFFF7454-DF61-407A-9106-C031564BC9A1}
		{5E53A139-A8D4-42A2-9D79-D474837CF311} = {1AF831A0-8A9D-4D86-A5C1-A19FFB4B0FB7}
		{7AE3A720-B073-4941-8453-58EF217D8835} = {1AF831A0-8A9D-4D86-A5C1-A19FFB4B0FB7}
		{541079E6-3C7C-42EA-ABAE-843940A2D3FE} = {1AF831A0-8A9D-4D86-A5C1-A19FFB4B0FB7}
	EndGlobalSection
	GlobalSection(ExtensibilityGlobals) = postSolution
		SolutionGuid = {2E308CCE-39FF-4709-94AE-0D14D6AFF41F}
	EndGlobalSection
EndGlobal
