
Microsoft Visual Studio Solution File, Format Version 12.00
# Visual Studio Version 16
VisualStudioVersion = 16.0.29806.167
MinimumVisualStudioVersion = 10.0.40219.1
Project("{FAE04EC0-301F-11D3-BF4B-00C04F79EFBC}") = "KeyGenerator", "KeyGenerator\KeyGenerator.csproj", "{9621D37A-DCD7-4C8F-AF8E-0F69A1C51A36}"
EndProject
Project("{FAE04EC0-301F-11D3-BF4B-00C04F79EFBC}") = "AuditLogReEncryptor", "ReEncryptor\AuditLogReEncryptor.csproj", "{188CB937-8B29-4DFF-BD68-EDEDA6BC9053}"
EndProject
Project("{FAE04EC0-301F-11D3-BF4B-00C04F79EFBC}") = "KlantportaalReEncryptor", "KlantportaalReEncryptor\KlantportaalReEncryptor.csproj", "{5F9A61DA-F892-4C9B-B5C4-9092ABD84697}"
EndProject
Project("{FAE04EC0-301F-11D3-BF4B-00C04F79EFBC}") = "Sphdhv.KlantPortaal.Data.Deelnemer", "..\Klantportaal\Source\Sphdhv.Klantportaal.Data.Deelnemer\Sphdhv.KlantPortaal.Data.Deelnemer.csproj", "{A727E5C0-FFD0-4A12-A0C6-7ACD2D1B44DA}"
EndProject
Global
	GlobalSection(SolutionConfigurationPlatforms) = preSolution
		Accept|Any CPU = Accept|Any CPU
		Debug|Any CPU = Debug|Any CPU
		Production|Any CPU = Production|Any CPU
		Release|Any CPU = Release|Any CPU
	EndGlobalSection
	GlobalSection(ProjectConfigurationPlatforms) = postSolution
		{9621D37A-DCD7-4C8F-AF8E-0F69A1C51A36}.Accept|Any CPU.ActiveCfg = Accept|Any CPU
		{9621D37A-DCD7-4C8F-AF8E-0F69A1C51A36}.Accept|Any CPU.Build.0 = Accept|Any CPU
		{9621D37A-DCD7-4C8F-AF8E-0F69A1C51A36}.Debug|Any CPU.ActiveCfg = Debug|Any CPU
		{9621D37A-DCD7-4C8F-AF8E-0F69A1C51A36}.Debug|Any CPU.Build.0 = Debug|Any CPU
		{9621D37A-DCD7-4C8F-AF8E-0F69A1C51A36}.Production|Any CPU.ActiveCfg = Accept|Any CPU
		{9621D37A-DCD7-4C8F-AF8E-0F69A1C51A36}.Production|Any CPU.Build.0 = Accept|Any CPU
		{9621D37A-DCD7-4C8F-AF8E-0F69A1C51A36}.Release|Any CPU.ActiveCfg = Release|Any CPU
		{9621D37A-DCD7-4C8F-AF8E-0F69A1C51A36}.Release|Any CPU.Build.0 = Release|Any CPU
		{188CB937-8B29-4DFF-BD68-EDEDA6BC9053}.Accept|Any CPU.ActiveCfg = Accept|Any CPU
		{188CB937-8B29-4DFF-BD68-EDEDA6BC9053}.Accept|Any CPU.Build.0 = Accept|Any CPU
		{188CB937-8B29-4DFF-BD68-EDEDA6BC9053}.Debug|Any CPU.ActiveCfg = Debug|Any CPU
		{188CB937-8B29-4DFF-BD68-EDEDA6BC9053}.Debug|Any CPU.Build.0 = Debug|Any CPU
		{188CB937-8B29-4DFF-BD68-EDEDA6BC9053}.Production|Any CPU.ActiveCfg = Accept|Any CPU
		{188CB937-8B29-4DFF-BD68-EDEDA6BC9053}.Production|Any CPU.Build.0 = Accept|Any CPU
		{188CB937-8B29-4DFF-BD68-EDEDA6BC9053}.Release|Any CPU.ActiveCfg = Release|Any CPU
		{188CB937-8B29-4DFF-BD68-EDEDA6BC9053}.Release|Any CPU.Build.0 = Release|Any CPU
		{5F9A61DA-F892-4C9B-B5C4-9092ABD84697}.Accept|Any CPU.ActiveCfg = Release|Any CPU
		{5F9A61DA-F892-4C9B-B5C4-9092ABD84697}.Accept|Any CPU.Build.0 = Release|Any CPU
		{5F9A61DA-F892-4C9B-B5C4-9092ABD84697}.Debug|Any CPU.ActiveCfg = Debug|Any CPU
		{5F9A61DA-F892-4C9B-B5C4-9092ABD84697}.Debug|Any CPU.Build.0 = Debug|Any CPU
		{5F9A61DA-F892-4C9B-B5C4-9092ABD84697}.Production|Any CPU.ActiveCfg = Release|Any CPU
		{5F9A61DA-F892-4C9B-B5C4-9092ABD84697}.Production|Any CPU.Build.0 = Release|Any CPU
		{5F9A61DA-F892-4C9B-B5C4-9092ABD84697}.Release|Any CPU.ActiveCfg = Release|Any CPU
		{5F9A61DA-F892-4C9B-B5C4-9092ABD84697}.Release|Any CPU.Build.0 = Release|Any CPU
		{A727E5C0-FFD0-4A12-A0C6-7ACD2D1B44DA}.Accept|Any CPU.ActiveCfg = Accept|Any CPU
		{A727E5C0-FFD0-4A12-A0C6-7ACD2D1B44DA}.Accept|Any CPU.Build.0 = Accept|Any CPU
		{A727E5C0-FFD0-4A12-A0C6-7ACD2D1B44DA}.Debug|Any CPU.ActiveCfg = Debug|Any CPU
		{A727E5C0-FFD0-4A12-A0C6-7ACD2D1B44DA}.Debug|Any CPU.Build.0 = Debug|Any CPU
		{A727E5C0-FFD0-4A12-A0C6-7ACD2D1B44DA}.Production|Any CPU.ActiveCfg = Production|Any CPU
		{A727E5C0-FFD0-4A12-A0C6-7ACD2D1B44DA}.Production|Any CPU.Build.0 = Production|Any CPU
		{A727E5C0-FFD0-4A12-A0C6-7ACD2D1B44DA}.Release|Any CPU.ActiveCfg = Release|Any CPU
		{A727E5C0-FFD0-4A12-A0C6-7ACD2D1B44DA}.Release|Any CPU.Build.0 = Release|Any CPU
	EndGlobalSection
	GlobalSection(SolutionProperties) = preSolution
		HideSolutionNode = FALSE
	EndGlobalSection
	GlobalSection(ExtensibilityGlobals) = postSolution
		SolutionGuid = {3720675C-798D-4949-AB86-97DFE5CCF123}
	EndGlobalSection
EndGlobal
