
Microsoft Visual Studio Solution File, Format Version 12.00
# Visual Studio Version 16
VisualStudioVersion = 16.0.29806.167
MinimumVisualStudioVersion = 10.0.40219.1
Project("{FAE04EC0-301F-11D3-BF4B-00C04F79EFBC}") = "KeyGenerator", "KeyGenerator\KeyGenerator.csproj", "{9621D37A-DCD7-4C8F-AF8E-0F69A1C51A36}"
EndProject
Project("{FAE04EC0-301F-11D3-BF4B-00C04F79EFBC}") = "AuditLogReEncryptor", "ReEncryptor\AuditLogReEncryptor.csproj", "{188CB937-8B29-4DFF-BD68-EDEDA6BC9053}"
EndProject
Project("{FAE04EC0-301F-11D3-BF4B-00C04F79EFBC}") = "Sphdhv.Saml.Metadata.Console", "DigidMetadata\Sphdhv.Saml.Metadata.Console\Sphdhv.Saml.Metadata.Console.csproj", "{83BD7C06-888E-476D-9B50-FB31964A1D6E}"
EndProject
Project("{FAE04EC0-301F-11D3-BF4B-00C04F79EFBC}") = "Icatt.Security.Saml2", "DigidMetadata\Sphdhv.Saml\Icatt.Security.Saml2.csproj", "{B4DF0C79-0C3D-42D1-8775-92A9ADF34E06}"
EndProject
Project("{FAE04EC0-301F-11D3-BF4B-00C04F79EFBC}") = "Icatt.Security.Saml2Test", "DigidMetadata\Icatt.Security.Saml2Test\Icatt.Security.Saml2Test.csproj", "{B1521CA7-D61E-4687-A5D1-C7A33D927A64}"
EndProject
Project("{2150E333-8FDC-42A3-9474-1A3956D46DE8}") = "External", "External", "{AB6C6821-C86C-404F-80E0-F5354890D33B}"
	ProjectSection(SolutionItems) = preProject
		External\Icatt.Data.Entity.dll = External\Icatt.Data.Entity.dll
		External\Sphdhv.KlantPortaal.Data.Deelnemer.dll = External\Sphdhv.KlantPortaal.Data.Deelnemer.dll
	EndProjectSection
EndProject
Global
	GlobalSection(SolutionConfigurationPlatforms) = preSolution
		Accept|Any CPU = Accept|Any CPU
		Debug|Any CPU = Debug|Any CPU
		Production|Any CPU = Production|Any CPU
		Release|Any CPU = Release|Any CPU
	EndGlobalSection
	GlobalSection(ProjectConfigurationPlatforms) = postSolution
		{9621D37A-DCD7-4C8F-AF8E-0F69A1C51A36}.Accept|Any CPU.ActiveCfg = Accept|Any CPU
		{9621D37A-DCD7-4C8F-AF8E-0F69A1C51A36}.Accept|Any CPU.Build.0 = Accept|Any CPU
		{9621D37A-DCD7-4C8F-AF8E-0F69A1C51A36}.Debug|Any CPU.ActiveCfg = Debug|Any CPU
		{9621D37A-DCD7-4C8F-AF8E-0F69A1C51A36}.Debug|Any CPU.Build.0 = Debug|Any CPU
		{9621D37A-DCD7-4C8F-AF8E-0F69A1C51A36}.Production|Any CPU.ActiveCfg = Accept|Any CPU
		{9621D37A-DCD7-4C8F-AF8E-0F69A1C51A36}.Production|Any CPU.Build.0 = Accept|Any CPU
		{9621D37A-DCD7-4C8F-AF8E-0F69A1C51A36}.Release|Any CPU.ActiveCfg = Release|Any CPU
		{9621D37A-DCD7-4C8F-AF8E-0F69A1C51A36}.Release|Any CPU.Build.0 = Release|Any CPU
		{188CB937-8B29-4DFF-BD68-EDEDA6BC9053}.Accept|Any CPU.ActiveCfg = Accept|Any CPU
		{188CB937-8B29-4DFF-BD68-EDEDA6BC9053}.Accept|Any CPU.Build.0 = Accept|Any CPU
		{188CB937-8B29-4DFF-BD68-EDEDA6BC9053}.Debug|Any CPU.ActiveCfg = Debug|Any CPU
		{188CB937-8B29-4DFF-BD68-EDEDA6BC9053}.Debug|Any CPU.Build.0 = Debug|Any CPU
		{188CB937-8B29-4DFF-BD68-EDEDA6BC9053}.Production|Any CPU.ActiveCfg = Accept|Any CPU
		{188CB937-8B29-4DFF-BD68-EDEDA6BC9053}.Production|Any CPU.Build.0 = Accept|Any CPU
		{188CB937-8B29-4DFF-BD68-EDEDA6BC9053}.Release|Any CPU.ActiveCfg = Release|Any CPU
		{188CB937-8B29-4DFF-BD68-EDEDA6BC9053}.Release|Any CPU.Build.0 = Release|Any CPU
		{83BD7C06-888E-476D-9B50-FB31964A1D6E}.Accept|Any CPU.ActiveCfg = Accept|Any CPU
		{83BD7C06-888E-476D-9B50-FB31964A1D6E}.Accept|Any CPU.Build.0 = Accept|Any CPU
		{83BD7C06-888E-476D-9B50-FB31964A1D6E}.Debug|Any CPU.ActiveCfg = Debug|Any CPU
		{83BD7C06-888E-476D-9B50-FB31964A1D6E}.Debug|Any CPU.Build.0 = Debug|Any CPU
		{83BD7C06-888E-476D-9B50-FB31964A1D6E}.Production|Any CPU.ActiveCfg = Production|Any CPU
		{83BD7C06-888E-476D-9B50-FB31964A1D6E}.Production|Any CPU.Build.0 = Production|Any CPU
		{83BD7C06-888E-476D-9B50-FB31964A1D6E}.Release|Any CPU.ActiveCfg = Release|Any CPU
		{83BD7C06-888E-476D-9B50-FB31964A1D6E}.Release|Any CPU.Build.0 = Release|Any CPU
		{B4DF0C79-0C3D-42D1-8775-92A9ADF34E06}.Accept|Any CPU.ActiveCfg = Accept|Any CPU
		{B4DF0C79-0C3D-42D1-8775-92A9ADF34E06}.Accept|Any CPU.Build.0 = Accept|Any CPU
		{B4DF0C79-0C3D-42D1-8775-92A9ADF34E06}.Debug|Any CPU.ActiveCfg = Debug|Any CPU
		{B4DF0C79-0C3D-42D1-8775-92A9ADF34E06}.Debug|Any CPU.Build.0 = Debug|Any CPU
		{B4DF0C79-0C3D-42D1-8775-92A9ADF34E06}.Production|Any CPU.ActiveCfg = Production|Any CPU
		{B4DF0C79-0C3D-42D1-8775-92A9ADF34E06}.Production|Any CPU.Build.0 = Production|Any CPU
		{B4DF0C79-0C3D-42D1-8775-92A9ADF34E06}.Release|Any CPU.ActiveCfg = Release|Any CPU
		{B4DF0C79-0C3D-42D1-8775-92A9ADF34E06}.Release|Any CPU.Build.0 = Release|Any CPU
		{B1521CA7-D61E-4687-A5D1-C7A33D927A64}.Accept|Any CPU.ActiveCfg = Accept|Any CPU
		{B1521CA7-D61E-4687-A5D1-C7A33D927A64}.Accept|Any CPU.Build.0 = Accept|Any CPU
		{B1521CA7-D61E-4687-A5D1-C7A33D927A64}.Debug|Any CPU.ActiveCfg = Debug|Any CPU
		{B1521CA7-D61E-4687-A5D1-C7A33D927A64}.Production|Any CPU.ActiveCfg = Production|Any CPU
		{B1521CA7-D61E-4687-A5D1-C7A33D927A64}.Production|Any CPU.Build.0 = Production|Any CPU
		{B1521CA7-D61E-4687-A5D1-C7A33D927A64}.Release|Any CPU.ActiveCfg = Release|Any CPU
		{B1521CA7-D61E-4687-A5D1-C7A33D927A64}.Release|Any CPU.Build.0 = Release|Any CPU
	EndGlobalSection
	GlobalSection(SolutionProperties) = preSolution
		HideSolutionNode = FALSE
	EndGlobalSection
	GlobalSection(ExtensibilityGlobals) = postSolution
		SolutionGuid = {3720675C-798D-4949-AB86-97DFE5CCF123}
	EndGlobalSection
EndGlobal
